// !$*UTF8*$!
{
	archiveVersion = 1;
	classes = {
	};
	objectVersion = 55;
	objects = {

/* Begin PBXBuildFile section */
		045CE2F428E4D51F0036D72D /* AmazingSeriesUITests2.swift in Sources */ = {isa = PBXBuildFile; fileRef = 044A17FD28E3630C000DB5DF /* AmazingSeriesUITests2.swift */; };
		045CE2F628E4D52C0036D72D /* AmazingSeriesUITests4.swift in Sources */ = {isa = PBXBuildFile; fileRef = 044A181B28E36319000DB5DF /* AmazingSeriesUITests4.swift */; };
		045CE2F728E4D52C0036D72D /* AmazingSeriesUITests3.swift in Sources */ = {isa = PBXBuildFile; fileRef = 044A180C28E36314000DB5DF /* AmazingSeriesUITests3.swift */; };
		049EC46828E3285200A49DBB /* AmazingSeriesUITests.swift in Sources */ = {isa = PBXBuildFile; fileRef = 049EC46728E3285200A49DBB /* AmazingSeriesUITests.swift */; };
		0740DBFB273807780050A135 /* AppDelegate.swift in Sources */ = {isa = PBXBuildFile; fileRef = 0740DBFA273807780050A135 /* AppDelegate.swift */; };
		0740DC04273807790050A135 /* Assets.xcassets in Resources */ = {isa = PBXBuildFile; fileRef = 0740DC03273807790050A135 /* Assets.xcassets */; };
		0740DC07273807790050A135 /* LaunchScreen.storyboard in Resources */ = {isa = PBXBuildFile; fileRef = 0740DC05273807790050A135 /* LaunchScreen.storyboard */; };
		0740DC1E273813C00050A135 /* ListSeriesViewController.swift in Sources */ = {isa = PBXBuildFile; fileRef = 0740DC1D273813C00050A135 /* ListSeriesViewController.swift */; };
		0740DC20273814330050A135 /* ListSeriesInteractor.swift in Sources */ = {isa = PBXBuildFile; fileRef = 0740DC1F273814330050A135 /* ListSeriesInteractor.swift */; };
		0740DC222738145B0050A135 /* ListSeriesPresenter.swift in Sources */ = {isa = PBXBuildFile; fileRef = 0740DC212738145B0050A135 /* ListSeriesPresenter.swift */; };
		0740DC26273814CB0050A135 /* ListSeriesConfigurator.swift in Sources */ = {isa = PBXBuildFile; fileRef = 0740DC25273814CB0050A135 /* ListSeriesConfigurator.swift */; };
		0740DC2B273817550050A135 /* ListSeriesView.swift in Sources */ = {isa = PBXBuildFile; fileRef = 0740DC2A273817550050A135 /* ListSeriesView.swift */; };
		0740DC302738185C0050A135 /* ViewCode.swift in Sources */ = {isa = PBXBuildFile; fileRef = 0740DC2F2738185C0050A135 /* ViewCode.swift */; };
		0740DC3227381AC10050A135 /* UIView+Autolayout.swift in Sources */ = {isa = PBXBuildFile; fileRef = 0740DC3127381AC10050A135 /* UIView+Autolayout.swift */; };
		0740DC34273820280050A135 /* ListSeriesRouter.swift in Sources */ = {isa = PBXBuildFile; fileRef = 0740DC33273820280050A135 /* ListSeriesRouter.swift */; };
		0740DC372738298C0050A135 /* SeriesTableViewCell.swift in Sources */ = {isa = PBXBuildFile; fileRef = 0740DC362738298C0050A135 /* SeriesTableViewCell.swift */; };
		0740DC3927382C380050A135 /* NSObject+ClasName.swift in Sources */ = {isa = PBXBuildFile; fileRef = 0740DC3827382C380050A135 /* NSObject+ClasName.swift */; };
		0740DC3D27382EA00050A135 /* UITableView+Dequeue.swift in Sources */ = {isa = PBXBuildFile; fileRef = 0740DC3C27382EA00050A135 /* UITableView+Dequeue.swift */; };
		0740DC4027382F280050A135 /* NetworkManager.swift in Sources */ = {isa = PBXBuildFile; fileRef = 0740DC3F27382F280050A135 /* NetworkManager.swift */; };
		0740DC44273830060050A135 /* Config.swift in Sources */ = {isa = PBXBuildFile; fileRef = 0740DC43273830060050A135 /* Config.swift */; };
		0740DC46273833DA0050A135 /* DependencyInjection.swift in Sources */ = {isa = PBXBuildFile; fileRef = 0740DC45273833DA0050A135 /* DependencyInjection.swift */; };
		0740DC48273839080050A135 /* NetworkProtocols.swift in Sources */ = {isa = PBXBuildFile; fileRef = 0740DC47273839080050A135 /* NetworkProtocols.swift */; };
		0740DC4A27383A8D0050A135 /* GetSeriesWorker.swift in Sources */ = {isa = PBXBuildFile; fileRef = 0740DC4927383A8D0050A135 /* GetSeriesWorker.swift */; };
		0740DC4C27383B060050A135 /* ListSeriesModels.swift in Sources */ = {isa = PBXBuildFile; fileRef = 0740DC4B27383B060050A135 /* ListSeriesModels.swift */; };
		0740DC5027385E5A0050A135 /* UICollectionView+Dequeue.swift in Sources */ = {isa = PBXBuildFile; fileRef = 0740DC4F27385E5A0050A135 /* UICollectionView+Dequeue.swift */; };
		0740DC522738678F0050A135 /* ImageDownloaderProtocol.swift in Sources */ = {isa = PBXBuildFile; fileRef = 0740DC512738678F0050A135 /* ImageDownloaderProtocol.swift */; };
		0740DC552738687D0050A135 /* ImageDownloader.swift in Sources */ = {isa = PBXBuildFile; fileRef = 0740DC542738687D0050A135 /* ImageDownloader.swift */; };
		0740DC57273869F50050A135 /* UIImageView+Network.swift in Sources */ = {isa = PBXBuildFile; fileRef = 0740DC56273869F50050A135 /* UIImageView+Network.swift */; };
		0740DC5A273871800050A135 /* SeriesDetailsConfigurator.swift in Sources */ = {isa = PBXBuildFile; fileRef = 0740DC59273871800050A135 /* SeriesDetailsConfigurator.swift */; };
		0740DC5C2738727F0050A135 /* SeriesDetailsInteractor.swift in Sources */ = {isa = PBXBuildFile; fileRef = 0740DC5B2738727F0050A135 /* SeriesDetailsInteractor.swift */; };
		0740DC5E273872850050A135 /* SeriesDetailsPresenter.swift in Sources */ = {isa = PBXBuildFile; fileRef = 0740DC5D273872850050A135 /* SeriesDetailsPresenter.swift */; };
		0740DC602738728D0050A135 /* SeriesDetailsViewController.swift in Sources */ = {isa = PBXBuildFile; fileRef = 0740DC5F2738728D0050A135 /* SeriesDetailsViewController.swift */; };
		0740DC62273872930050A135 /* SeriesDetailsView.swift in Sources */ = {isa = PBXBuildFile; fileRef = 0740DC61273872930050A135 /* SeriesDetailsView.swift */; };
		0740DC64273873910050A135 /* SeriesDetailsRouter.swift in Sources */ = {isa = PBXBuildFile; fileRef = 0740DC63273873910050A135 /* SeriesDetailsRouter.swift */; };
		0740DC66273876430050A135 /* SeriesDetailsModels.swift in Sources */ = {isa = PBXBuildFile; fileRef = 0740DC65273876430050A135 /* SeriesDetailsModels.swift */; };
		0740DC68273878290050A135 /* APIService.swift in Sources */ = {isa = PBXBuildFile; fileRef = 0740DC67273878290050A135 /* APIService.swift */; };
		0740DC6A27387D820050A135 /* GetSeriesDetailsWorker.swift in Sources */ = {isa = PBXBuildFile; fileRef = 0740DC6927387D820050A135 /* GetSeriesDetailsWorker.swift */; };
		0740DC6C273881440050A135 /* DetailHeaderTableViewCell.swift in Sources */ = {isa = PBXBuildFile; fileRef = 0740DC6B273881440050A135 /* DetailHeaderTableViewCell.swift */; };
		0740DC6E27389DAE0050A135 /* DetailDescriptionTableViewCell.swift in Sources */ = {isa = PBXBuildFile; fileRef = 0740DC6D27389DAE0050A135 /* DetailDescriptionTableViewCell.swift */; };
		0740DC702738A0D60050A135 /* UILabel+HTML.swift in Sources */ = {isa = PBXBuildFile; fileRef = 0740DC6F2738A0D60050A135 /* UILabel+HTML.swift */; };
		0740DC722738A1BC0050A135 /* UIColor+hexString.swift in Sources */ = {isa = PBXBuildFile; fileRef = 0740DC712738A1BC0050A135 /* UIColor+hexString.swift */; };
		0740DC742738A3100050A135 /* DetailSeasonTableViewCell.swift in Sources */ = {isa = PBXBuildFile; fileRef = 0740DC732738A3100050A135 /* DetailSeasonTableViewCell.swift */; };
		0740DC762738A77D0050A135 /* DetailSectionHeaderView.swift in Sources */ = {isa = PBXBuildFile; fileRef = 0740DC752738A77D0050A135 /* DetailSectionHeaderView.swift */; };
		0740DC782738AAEE0050A135 /* GetEpisodesWorker.swift in Sources */ = {isa = PBXBuildFile; fileRef = 0740DC772738AAEE0050A135 /* GetEpisodesWorker.swift */; };
		0740DC7A2738B66B0050A135 /* DetailEpisodeTableViewCell.swift in Sources */ = {isa = PBXBuildFile; fileRef = 0740DC792738B66B0050A135 /* DetailEpisodeTableViewCell.swift */; };
		0740DC7C2738B9AB0050A135 /* ContentSizedTableView.swift in Sources */ = {isa = PBXBuildFile; fileRef = 0740DC7B2738B9AB0050A135 /* ContentSizedTableView.swift */; };
		07520984273ACBBB009B5A32 /* ListSeriesInteractorTests.swift in Sources */ = {isa = PBXBuildFile; fileRef = 07520983273ACBBB009B5A32 /* ListSeriesInteractorTests.swift */; };
		07520987273ACBEF009B5A32 /* Mock.swift in Sources */ = {isa = PBXBuildFile; fileRef = 07520986273ACBEF009B5A32 /* Mock.swift */; };
		07520989273ACCAA009B5A32 /* Spies.swift in Sources */ = {isa = PBXBuildFile; fileRef = 07520988273ACCAA009B5A32 /* Spies.swift */; };
		0752098B273AD18F009B5A32 /* ListSeriesPresenterTests.swift in Sources */ = {isa = PBXBuildFile; fileRef = 0752098A273AD18F009B5A32 /* ListSeriesPresenterTests.swift */; };
		0752098D273AD45F009B5A32 /* ListSeriesViewControllerTests.swift in Sources */ = {isa = PBXBuildFile; fileRef = 0752098C273AD45F009B5A32 /* ListSeriesViewControllerTests.swift */; };
		0752098F273AD4BD009B5A32 /* Dummies.swift in Sources */ = {isa = PBXBuildFile; fileRef = 0752098E273AD4BD009B5A32 /* Dummies.swift */; };
		079FE5152739CDF1008E1C5D /* SearchSeriesWorker.swift in Sources */ = {isa = PBXBuildFile; fileRef = 079FE5142739CDF1008E1C5D /* SearchSeriesWorker.swift */; };
		079FE5172739F420008E1C5D /* Date+GetComponents.swift in Sources */ = {isa = PBXBuildFile; fileRef = 079FE5162739F420008E1C5D /* Date+GetComponents.swift */; };
		079FE5192739F460008E1C5D /* DateFormatter+StringInit.swift in Sources */ = {isa = PBXBuildFile; fileRef = 079FE5182739F460008E1C5D /* DateFormatter+StringInit.swift */; };
		079FE51B2739F480008E1C5D /* String+ToDate.swift in Sources */ = {isa = PBXBuildFile; fileRef = 079FE51A2739F480008E1C5D /* String+ToDate.swift */; };
		07A9C206273967AE005499D8 /* EpisodeDetailsPresenter.swift in Sources */ = {isa = PBXBuildFile; fileRef = 07A9C200273967AE005499D8 /* EpisodeDetailsPresenter.swift */; };
		07A9C209273967AE005499D8 /* EpisodeDetailsModels.swift in Sources */ = {isa = PBXBuildFile; fileRef = 07A9C203273967AE005499D8 /* EpisodeDetailsModels.swift */; };
		07A9C20A273967AE005499D8 /* EpisodeDetailsViewController.swift in Sources */ = {isa = PBXBuildFile; fileRef = 07A9C204273967AE005499D8 /* EpisodeDetailsViewController.swift */; };
		07A9C20B273967AE005499D8 /* EpisodeDetailsInteractor.swift in Sources */ = {isa = PBXBuildFile; fileRef = 07A9C205273967AE005499D8 /* EpisodeDetailsInteractor.swift */; };
		07A9C20D27396938005499D8 /* EpisodeDetailsView.swift in Sources */ = {isa = PBXBuildFile; fileRef = 07A9C20C27396938005499D8 /* EpisodeDetailsView.swift */; };
		07B800B5273B1F4E004D1486 /* DispatchQueueProtocol.swift in Sources */ = {isa = PBXBuildFile; fileRef = 07B800B4273B1F4E004D1486 /* DispatchQueueProtocol.swift */; };
		07B800B7273B1F8F004D1486 /* DispatchQueue+Protocol.swift in Sources */ = {isa = PBXBuildFile; fileRef = 07B800B6273B1F8F004D1486 /* DispatchQueue+Protocol.swift */; };
		07B800BB273B2B80004D1486 /* ErrorView.swift in Sources */ = {isa = PBXBuildFile; fileRef = 07B800BA273B2B80004D1486 /* ErrorView.swift */; };
		07E10770273970AE00D6F493 /* EpisodeDetailsConfigurator.swift in Sources */ = {isa = PBXBuildFile; fileRef = 07E1076F273970AE00D6F493 /* EpisodeDetailsConfigurator.swift */; };
		C6536083D0CEDD0FAB4E2288 /* Pods_AmazingSeries.framework in Frameworks */ = {isa = PBXBuildFile; fileRef = AAD10993387CE4D23E6B358A /* Pods_AmazingSeries.framework */; };
/* End PBXBuildFile section */

/* Begin PBXContainerItemProxy section */
		049EC46B28E3285200A49DBB /* PBXContainerItemProxy */ = {
			isa = PBXContainerItemProxy;
			containerPortal = 0740DBEF273807780050A135 /* Project object */;
			proxyType = 1;
			remoteGlobalIDString = 0740DBF6273807780050A135;
			remoteInfo = AmazingSeries;
		};
		0752097C273ACB51009B5A32 /* PBXContainerItemProxy */ = {
			isa = PBXContainerItemProxy;
			containerPortal = 0740DBEF273807780050A135 /* Project object */;
			proxyType = 1;
			remoteGlobalIDString = 0740DBF6273807780050A135;
			remoteInfo = AmazingSeries;
		};
/* End PBXContainerItemProxy section */

/* Begin PBXFileReference section */
		044A17FD28E3630C000DB5DF /* AmazingSeriesUITests2.swift */ = {isa = PBXFileReference; lastKnownFileType = sourcecode.swift; path = AmazingSeriesUITests2.swift; sourceTree = "<group>"; };
		044A180C28E36314000DB5DF /* AmazingSeriesUITests3.swift */ = {isa = PBXFileReference; lastKnownFileType = sourcecode.swift; path = AmazingSeriesUITests3.swift; sourceTree = "<group>"; };
		044A181B28E36319000DB5DF /* AmazingSeriesUITests4.swift */ = {isa = PBXFileReference; lastKnownFileType = sourcecode.swift; path = AmazingSeriesUITests4.swift; sourceTree = "<group>"; };
		049EC46528E3285200A49DBB /* AmazingSeriesUITests.xctest */ = {isa = PBXFileReference; explicitFileType = wrapper.cfbundle; includeInIndex = 0; path = AmazingSeriesUITests.xctest; sourceTree = BUILT_PRODUCTS_DIR; };
		049EC46728E3285200A49DBB /* AmazingSeriesUITests.swift */ = {isa = PBXFileReference; lastKnownFileType = sourcecode.swift; path = AmazingSeriesUITests.swift; sourceTree = "<group>"; };
		0740DBF7273807780050A135 /* AmazingSeries.app */ = {isa = PBXFileReference; explicitFileType = wrapper.application; includeInIndex = 0; path = AmazingSeries.app; sourceTree = BUILT_PRODUCTS_DIR; };
		0740DBFA273807780050A135 /* AppDelegate.swift */ = {isa = PBXFileReference; lastKnownFileType = sourcecode.swift; path = AppDelegate.swift; sourceTree = "<group>"; };
		0740DC03273807790050A135 /* Assets.xcassets */ = {isa = PBXFileReference; lastKnownFileType = folder.assetcatalog; path = Assets.xcassets; sourceTree = "<group>"; };
		0740DC06273807790050A135 /* Base */ = {isa = PBXFileReference; lastKnownFileType = file.storyboard; name = Base; path = Base.lproj/LaunchScreen.storyboard; sourceTree = "<group>"; };
		0740DC08273807790050A135 /* Info.plist */ = {isa = PBXFileReference; lastKnownFileType = text.plist.xml; path = Info.plist; sourceTree = "<group>"; };
		0740DC1D273813C00050A135 /* ListSeriesViewController.swift */ = {isa = PBXFileReference; lastKnownFileType = sourcecode.swift; path = ListSeriesViewController.swift; sourceTree = "<group>"; };
		0740DC1F273814330050A135 /* ListSeriesInteractor.swift */ = {isa = PBXFileReference; lastKnownFileType = sourcecode.swift; path = ListSeriesInteractor.swift; sourceTree = "<group>"; };
		0740DC212738145B0050A135 /* ListSeriesPresenter.swift */ = {isa = PBXFileReference; lastKnownFileType = sourcecode.swift; path = ListSeriesPresenter.swift; sourceTree = "<group>"; };
		0740DC25273814CB0050A135 /* ListSeriesConfigurator.swift */ = {isa = PBXFileReference; lastKnownFileType = sourcecode.swift; path = ListSeriesConfigurator.swift; sourceTree = "<group>"; };
		0740DC2A273817550050A135 /* ListSeriesView.swift */ = {isa = PBXFileReference; lastKnownFileType = sourcecode.swift; path = ListSeriesView.swift; sourceTree = "<group>"; };
		0740DC2F2738185C0050A135 /* ViewCode.swift */ = {isa = PBXFileReference; lastKnownFileType = sourcecode.swift; path = ViewCode.swift; sourceTree = "<group>"; };
		0740DC3127381AC10050A135 /* UIView+Autolayout.swift */ = {isa = PBXFileReference; lastKnownFileType = sourcecode.swift; path = "UIView+Autolayout.swift"; sourceTree = "<group>"; };
		0740DC33273820280050A135 /* ListSeriesRouter.swift */ = {isa = PBXFileReference; lastKnownFileType = sourcecode.swift; path = ListSeriesRouter.swift; sourceTree = "<group>"; };
		0740DC362738298C0050A135 /* SeriesTableViewCell.swift */ = {isa = PBXFileReference; lastKnownFileType = sourcecode.swift; path = SeriesTableViewCell.swift; sourceTree = "<group>"; };
		0740DC3827382C380050A135 /* NSObject+ClasName.swift */ = {isa = PBXFileReference; lastKnownFileType = sourcecode.swift; path = "NSObject+ClasName.swift"; sourceTree = "<group>"; };
		0740DC3C27382EA00050A135 /* UITableView+Dequeue.swift */ = {isa = PBXFileReference; lastKnownFileType = sourcecode.swift; path = "UITableView+Dequeue.swift"; sourceTree = "<group>"; };
		0740DC3F27382F280050A135 /* NetworkManager.swift */ = {isa = PBXFileReference; lastKnownFileType = sourcecode.swift; path = NetworkManager.swift; sourceTree = "<group>"; };
		0740DC43273830060050A135 /* Config.swift */ = {isa = PBXFileReference; lastKnownFileType = sourcecode.swift; path = Config.swift; sourceTree = "<group>"; };
		0740DC45273833DA0050A135 /* DependencyInjection.swift */ = {isa = PBXFileReference; lastKnownFileType = sourcecode.swift; path = DependencyInjection.swift; sourceTree = "<group>"; };
		0740DC47273839080050A135 /* NetworkProtocols.swift */ = {isa = PBXFileReference; lastKnownFileType = sourcecode.swift; path = NetworkProtocols.swift; sourceTree = "<group>"; };
		0740DC4927383A8D0050A135 /* GetSeriesWorker.swift */ = {isa = PBXFileReference; lastKnownFileType = sourcecode.swift; path = GetSeriesWorker.swift; sourceTree = "<group>"; };
		0740DC4B27383B060050A135 /* ListSeriesModels.swift */ = {isa = PBXFileReference; lastKnownFileType = sourcecode.swift; path = ListSeriesModels.swift; sourceTree = "<group>"; };
		0740DC4F27385E5A0050A135 /* UICollectionView+Dequeue.swift */ = {isa = PBXFileReference; lastKnownFileType = sourcecode.swift; path = "UICollectionView+Dequeue.swift"; sourceTree = "<group>"; };
		0740DC512738678F0050A135 /* ImageDownloaderProtocol.swift */ = {isa = PBXFileReference; lastKnownFileType = sourcecode.swift; path = ImageDownloaderProtocol.swift; sourceTree = "<group>"; };
		0740DC542738687D0050A135 /* ImageDownloader.swift */ = {isa = PBXFileReference; lastKnownFileType = sourcecode.swift; path = ImageDownloader.swift; sourceTree = "<group>"; };
		0740DC56273869F50050A135 /* UIImageView+Network.swift */ = {isa = PBXFileReference; lastKnownFileType = sourcecode.swift; path = "UIImageView+Network.swift"; sourceTree = "<group>"; };
		0740DC59273871800050A135 /* SeriesDetailsConfigurator.swift */ = {isa = PBXFileReference; lastKnownFileType = sourcecode.swift; path = SeriesDetailsConfigurator.swift; sourceTree = "<group>"; };
		0740DC5B2738727F0050A135 /* SeriesDetailsInteractor.swift */ = {isa = PBXFileReference; lastKnownFileType = sourcecode.swift; path = SeriesDetailsInteractor.swift; sourceTree = "<group>"; };
		0740DC5D273872850050A135 /* SeriesDetailsPresenter.swift */ = {isa = PBXFileReference; lastKnownFileType = sourcecode.swift; path = SeriesDetailsPresenter.swift; sourceTree = "<group>"; };
		0740DC5F2738728D0050A135 /* SeriesDetailsViewController.swift */ = {isa = PBXFileReference; lastKnownFileType = sourcecode.swift; path = SeriesDetailsViewController.swift; sourceTree = "<group>"; };
		0740DC61273872930050A135 /* SeriesDetailsView.swift */ = {isa = PBXFileReference; lastKnownFileType = sourcecode.swift; path = SeriesDetailsView.swift; sourceTree = "<group>"; };
		0740DC63273873910050A135 /* SeriesDetailsRouter.swift */ = {isa = PBXFileReference; lastKnownFileType = sourcecode.swift; path = SeriesDetailsRouter.swift; sourceTree = "<group>"; };
		0740DC65273876430050A135 /* SeriesDetailsModels.swift */ = {isa = PBXFileReference; lastKnownFileType = sourcecode.swift; path = SeriesDetailsModels.swift; sourceTree = "<group>"; };
		0740DC67273878290050A135 /* APIService.swift */ = {isa = PBXFileReference; lastKnownFileType = sourcecode.swift; path = APIService.swift; sourceTree = "<group>"; };
		0740DC6927387D820050A135 /* GetSeriesDetailsWorker.swift */ = {isa = PBXFileReference; lastKnownFileType = sourcecode.swift; path = GetSeriesDetailsWorker.swift; sourceTree = "<group>"; };
		0740DC6B273881440050A135 /* DetailHeaderTableViewCell.swift */ = {isa = PBXFileReference; lastKnownFileType = sourcecode.swift; path = DetailHeaderTableViewCell.swift; sourceTree = "<group>"; };
		0740DC6D27389DAE0050A135 /* DetailDescriptionTableViewCell.swift */ = {isa = PBXFileReference; lastKnownFileType = sourcecode.swift; path = DetailDescriptionTableViewCell.swift; sourceTree = "<group>"; };
		0740DC6F2738A0D60050A135 /* UILabel+HTML.swift */ = {isa = PBXFileReference; lastKnownFileType = sourcecode.swift; path = "UILabel+HTML.swift"; sourceTree = "<group>"; };
		0740DC712738A1BC0050A135 /* UIColor+hexString.swift */ = {isa = PBXFileReference; lastKnownFileType = sourcecode.swift; path = "UIColor+hexString.swift"; sourceTree = "<group>"; };
		0740DC732738A3100050A135 /* DetailSeasonTableViewCell.swift */ = {isa = PBXFileReference; lastKnownFileType = sourcecode.swift; path = DetailSeasonTableViewCell.swift; sourceTree = "<group>"; };
		0740DC752738A77D0050A135 /* DetailSectionHeaderView.swift */ = {isa = PBXFileReference; lastKnownFileType = sourcecode.swift; path = DetailSectionHeaderView.swift; sourceTree = "<group>"; };
		0740DC772738AAEE0050A135 /* GetEpisodesWorker.swift */ = {isa = PBXFileReference; lastKnownFileType = sourcecode.swift; path = GetEpisodesWorker.swift; sourceTree = "<group>"; };
		0740DC792738B66B0050A135 /* DetailEpisodeTableViewCell.swift */ = {isa = PBXFileReference; lastKnownFileType = sourcecode.swift; path = DetailEpisodeTableViewCell.swift; sourceTree = "<group>"; };
		0740DC7B2738B9AB0050A135 /* ContentSizedTableView.swift */ = {isa = PBXFileReference; lastKnownFileType = sourcecode.swift; path = ContentSizedTableView.swift; sourceTree = "<group>"; };
		07520978273ACB51009B5A32 /* AmazingSeriesTests.xctest */ = {isa = PBXFileReference; explicitFileType = wrapper.cfbundle; includeInIndex = 0; path = AmazingSeriesTests.xctest; sourceTree = BUILT_PRODUCTS_DIR; };
		07520983273ACBBB009B5A32 /* ListSeriesInteractorTests.swift */ = {isa = PBXFileReference; lastKnownFileType = sourcecode.swift; path = ListSeriesInteractorTests.swift; sourceTree = "<group>"; };
		07520986273ACBEF009B5A32 /* Mock.swift */ = {isa = PBXFileReference; lastKnownFileType = sourcecode.swift; path = Mock.swift; sourceTree = "<group>"; };
		07520988273ACCAA009B5A32 /* Spies.swift */ = {isa = PBXFileReference; lastKnownFileType = sourcecode.swift; path = Spies.swift; sourceTree = "<group>"; };
		0752098A273AD18F009B5A32 /* ListSeriesPresenterTests.swift */ = {isa = PBXFileReference; lastKnownFileType = sourcecode.swift; path = ListSeriesPresenterTests.swift; sourceTree = "<group>"; };
		0752098C273AD45F009B5A32 /* ListSeriesViewControllerTests.swift */ = {isa = PBXFileReference; lastKnownFileType = sourcecode.swift; path = ListSeriesViewControllerTests.swift; sourceTree = "<group>"; };
		0752098E273AD4BD009B5A32 /* Dummies.swift */ = {isa = PBXFileReference; lastKnownFileType = sourcecode.swift; path = Dummies.swift; sourceTree = "<group>"; };
		079FE5142739CDF1008E1C5D /* SearchSeriesWorker.swift */ = {isa = PBXFileReference; lastKnownFileType = sourcecode.swift; path = SearchSeriesWorker.swift; sourceTree = "<group>"; };
		079FE5162739F420008E1C5D /* Date+GetComponents.swift */ = {isa = PBXFileReference; lastKnownFileType = sourcecode.swift; path = "Date+GetComponents.swift"; sourceTree = "<group>"; };
		079FE5182739F460008E1C5D /* DateFormatter+StringInit.swift */ = {isa = PBXFileReference; lastKnownFileType = sourcecode.swift; path = "DateFormatter+StringInit.swift"; sourceTree = "<group>"; };
		079FE51A2739F480008E1C5D /* String+ToDate.swift */ = {isa = PBXFileReference; lastKnownFileType = sourcecode.swift; path = "String+ToDate.swift"; sourceTree = "<group>"; };
		07A9C200273967AE005499D8 /* EpisodeDetailsPresenter.swift */ = {isa = PBXFileReference; lastKnownFileType = sourcecode.swift; path = EpisodeDetailsPresenter.swift; sourceTree = "<group>"; };
		07A9C203273967AE005499D8 /* EpisodeDetailsModels.swift */ = {isa = PBXFileReference; lastKnownFileType = sourcecode.swift; path = EpisodeDetailsModels.swift; sourceTree = "<group>"; };
		07A9C204273967AE005499D8 /* EpisodeDetailsViewController.swift */ = {isa = PBXFileReference; lastKnownFileType = sourcecode.swift; path = EpisodeDetailsViewController.swift; sourceTree = "<group>"; };
		07A9C205273967AE005499D8 /* EpisodeDetailsInteractor.swift */ = {isa = PBXFileReference; lastKnownFileType = sourcecode.swift; path = EpisodeDetailsInteractor.swift; sourceTree = "<group>"; };
		07A9C20C27396938005499D8 /* EpisodeDetailsView.swift */ = {isa = PBXFileReference; lastKnownFileType = sourcecode.swift; path = EpisodeDetailsView.swift; sourceTree = "<group>"; };
		07B800B4273B1F4E004D1486 /* DispatchQueueProtocol.swift */ = {isa = PBXFileReference; lastKnownFileType = sourcecode.swift; path = DispatchQueueProtocol.swift; sourceTree = "<group>"; };
		07B800B6273B1F8F004D1486 /* DispatchQueue+Protocol.swift */ = {isa = PBXFileReference; lastKnownFileType = sourcecode.swift; path = "DispatchQueue+Protocol.swift"; sourceTree = "<group>"; };
		07B800BA273B2B80004D1486 /* ErrorView.swift */ = {isa = PBXFileReference; lastKnownFileType = sourcecode.swift; path = ErrorView.swift; sourceTree = "<group>"; };
		07E1076F273970AE00D6F493 /* EpisodeDetailsConfigurator.swift */ = {isa = PBXFileReference; lastKnownFileType = sourcecode.swift; path = EpisodeDetailsConfigurator.swift; sourceTree = "<group>"; };
		976E4E2A06DE5321BD5D85FD /* Pods-AmazingSeries.debug.xcconfig */ = {isa = PBXFileReference; includeInIndex = 1; lastKnownFileType = text.xcconfig; name = "Pods-AmazingSeries.debug.xcconfig"; path = "Target Support Files/Pods-AmazingSeries/Pods-AmazingSeries.debug.xcconfig"; sourceTree = "<group>"; };
		AAD10993387CE4D23E6B358A /* Pods_AmazingSeries.framework */ = {isa = PBXFileReference; explicitFileType = wrapper.framework; includeInIndex = 0; path = Pods_AmazingSeries.framework; sourceTree = BUILT_PRODUCTS_DIR; };
		B774945FC288380FD211A726 /* Pods-AmazingSeries.release.xcconfig */ = {isa = PBXFileReference; includeInIndex = 1; lastKnownFileType = text.xcconfig; name = "Pods-AmazingSeries.release.xcconfig"; path = "Target Support Files/Pods-AmazingSeries/Pods-AmazingSeries.release.xcconfig"; sourceTree = "<group>"; };
/* End PBXFileReference section */

/* Begin PBXFrameworksBuildPhase section */
		049EC46228E3285200A49DBB /* Frameworks */ = {
			isa = PBXFrameworksBuildPhase;
			buildActionMask = 2147483647;
			files = (
			);
			runOnlyForDeploymentPostprocessing = 0;
		};
		0740DBF4273807780050A135 /* Frameworks */ = {
			isa = PBXFrameworksBuildPhase;
			buildActionMask = 2147483647;
			files = (
				C6536083D0CEDD0FAB4E2288 /* Pods_AmazingSeries.framework in Frameworks */,
			);
			runOnlyForDeploymentPostprocessing = 0;
		};
		07520975273ACB51009B5A32 /* Frameworks */ = {
			isa = PBXFrameworksBuildPhase;
			buildActionMask = 2147483647;
			files = (
			);
			runOnlyForDeploymentPostprocessing = 0;
		};
/* End PBXFrameworksBuildPhase section */

/* Begin PBXGroup section */
		049EC46628E3285200A49DBB /* AmazingSeriesUITests */ = {
			isa = PBXGroup;
			children = (
				049EC46728E3285200A49DBB /* AmazingSeriesUITests.swift */,
				044A17FD28E3630C000DB5DF /* AmazingSeriesUITests2.swift */,
				044A180C28E36314000DB5DF /* AmazingSeriesUITests3.swift */,
				044A181B28E36319000DB5DF /* AmazingSeriesUITests4.swift */,
			);
			path = AmazingSeriesUITests;
			sourceTree = "<group>";
		};
		0740DBEE273807780050A135 = {
			isa = PBXGroup;
			children = (
				0740DBF9273807780050A135 /* AmazingSeries */,
				07520979273ACB51009B5A32 /* AmazingSeriesTests */,
				049EC46628E3285200A49DBB /* AmazingSeriesUITests */,
				0740DBF8273807780050A135 /* Products */,
				315FE9C7A3B6997D310F0D3C /* Pods */,
				A0E0034930F4935FB2804EBF /* Frameworks */,
			);
			sourceTree = "<group>";
		};
		0740DBF8273807780050A135 /* Products */ = {
			isa = PBXGroup;
			children = (
				0740DBF7273807780050A135 /* AmazingSeries.app */,
				07520978273ACB51009B5A32 /* AmazingSeriesTests.xctest */,
				049EC46528E3285200A49DBB /* AmazingSeriesUITests.xctest */,
			);
			name = Products;
			sourceTree = "<group>";
		};
		0740DBF9273807780050A135 /* AmazingSeries */ = {
			isa = PBXGroup;
			children = (
				0740DC4227382FF40050A135 /* Resources */,
				0740DC4127382FEA0050A135 /* Sources */,
				0740DBFA273807780050A135 /* AppDelegate.swift */,
				0740DC05273807790050A135 /* LaunchScreen.storyboard */,
			);
			path = AmazingSeries;
			sourceTree = "<group>";
		};
		0740DC0E273812D60050A135 /* Scenes */ = {
			isa = PBXGroup;
			children = (
				07A9C1FF27396723005499D8 /* EpisodeDetails */,
				0740DC58273871580050A135 /* SeriesDetails */,
				0740DC1C2738136D0050A135 /* ListSeries */,
			);
			path = Scenes;
			sourceTree = "<group>";
		};
		0740DC1C2738136D0050A135 /* ListSeries */ = {
			isa = PBXGroup;
			children = (
				07B800BD273B34C1004D1486 /* Worker */,
				07B800BC273B34AD004D1486 /* View */,
				0740DC1D273813C00050A135 /* ListSeriesViewController.swift */,
				0740DC1F273814330050A135 /* ListSeriesInteractor.swift */,
				0740DC212738145B0050A135 /* ListSeriesPresenter.swift */,
				0740DC25273814CB0050A135 /* ListSeriesConfigurator.swift */,
				0740DC33273820280050A135 /* ListSeriesRouter.swift */,
				0740DC4B27383B060050A135 /* ListSeriesModels.swift */,
			);
			path = ListSeries;
			sourceTree = "<group>";
		};
		0740DC27273815070050A135 /* Protocols */ = {
			isa = PBXGroup;
			children = (
				0740DC47273839080050A135 /* NetworkProtocols.swift */,
				0740DC512738678F0050A135 /* ImageDownloaderProtocol.swift */,
				07B800B4273B1F4E004D1486 /* DispatchQueueProtocol.swift */,
			);
			path = Protocols;
			sourceTree = "<group>";
		};
		0740DC2E2738184A0050A135 /* Extensions */ = {
			isa = PBXGroup;
			children = (
				0740DC2F2738185C0050A135 /* ViewCode.swift */,
				0740DC3127381AC10050A135 /* UIView+Autolayout.swift */,
				0740DC3827382C380050A135 /* NSObject+ClasName.swift */,
				0740DC3C27382EA00050A135 /* UITableView+Dequeue.swift */,
				0740DC4F27385E5A0050A135 /* UICollectionView+Dequeue.swift */,
				0740DC56273869F50050A135 /* UIImageView+Network.swift */,
				0740DC6F2738A0D60050A135 /* UILabel+HTML.swift */,
				0740DC712738A1BC0050A135 /* UIColor+hexString.swift */,
				079FE5162739F420008E1C5D /* Date+GetComponents.swift */,
				079FE5182739F460008E1C5D /* DateFormatter+StringInit.swift */,
				079FE51A2739F480008E1C5D /* String+ToDate.swift */,
				07B800B6273B1F8F004D1486 /* DispatchQueue+Protocol.swift */,
			);
			path = Extensions;
			sourceTree = "<group>";
		};
		0740DC3E27382F1A0050A135 /* Service */ = {
			isa = PBXGroup;
			children = (
				0740DC3F27382F280050A135 /* NetworkManager.swift */,
				0740DC45273833DA0050A135 /* DependencyInjection.swift */,
				0740DC67273878290050A135 /* APIService.swift */,
			);
			path = Service;
			sourceTree = "<group>";
		};
		0740DC4127382FEA0050A135 /* Sources */ = {
			isa = PBXGroup;
			children = (
				07B800B9273B2B74004D1486 /* Common */,
				0740DC53273868730050A135 /* Helpers */,
				0740DC3E27382F1A0050A135 /* Service */,
				0740DC2E2738184A0050A135 /* Extensions */,
				0740DC27273815070050A135 /* Protocols */,
				0740DC0E273812D60050A135 /* Scenes */,
			);
			path = Sources;
			sourceTree = "<group>";
		};
		0740DC4227382FF40050A135 /* Resources */ = {
			isa = PBXGroup;
			children = (
				0740DC03273807790050A135 /* Assets.xcassets */,
				0740DC08273807790050A135 /* Info.plist */,
				0740DC43273830060050A135 /* Config.swift */,
			);
			path = Resources;
			sourceTree = "<group>";
		};
		0740DC53273868730050A135 /* Helpers */ = {
			isa = PBXGroup;
			children = (
				0740DC542738687D0050A135 /* ImageDownloader.swift */,
				0740DC7B2738B9AB0050A135 /* ContentSizedTableView.swift */,
			);
			path = Helpers;
			sourceTree = "<group>";
		};
		0740DC58273871580050A135 /* SeriesDetails */ = {
			isa = PBXGroup;
			children = (
				07B800BF273B34F5004D1486 /* Worker */,
				07B800BE273B34E6004D1486 /* View */,
				0740DC59273871800050A135 /* SeriesDetailsConfigurator.swift */,
				0740DC5B2738727F0050A135 /* SeriesDetailsInteractor.swift */,
				0740DC5D273872850050A135 /* SeriesDetailsPresenter.swift */,
				0740DC5F2738728D0050A135 /* SeriesDetailsViewController.swift */,
				0740DC63273873910050A135 /* SeriesDetailsRouter.swift */,
				0740DC65273876430050A135 /* SeriesDetailsModels.swift */,
			);
			path = SeriesDetails;
			sourceTree = "<group>";
		};
		07520979273ACB51009B5A32 /* AmazingSeriesTests */ = {
			isa = PBXGroup;
			children = (
				07520985273ACBE6009B5A32 /* Resources */,
				07520981273ACB97009B5A32 /* Scenes */,
			);
			path = AmazingSeriesTests;
			sourceTree = "<group>";
		};
		07520981273ACB97009B5A32 /* Scenes */ = {
			isa = PBXGroup;
			children = (
				07520982273ACBA6009B5A32 /* ListSeries */,
			);
			path = Scenes;
			sourceTree = "<group>";
		};
		07520982273ACBA6009B5A32 /* ListSeries */ = {
			isa = PBXGroup;
			children = (
				07520983273ACBBB009B5A32 /* ListSeriesInteractorTests.swift */,
				0752098A273AD18F009B5A32 /* ListSeriesPresenterTests.swift */,
				0752098C273AD45F009B5A32 /* ListSeriesViewControllerTests.swift */,
			);
			path = ListSeries;
			sourceTree = "<group>";
		};
		07520985273ACBE6009B5A32 /* Resources */ = {
			isa = PBXGroup;
			children = (
				07520986273ACBEF009B5A32 /* Mock.swift */,
				07520988273ACCAA009B5A32 /* Spies.swift */,
				0752098E273AD4BD009B5A32 /* Dummies.swift */,
			);
			path = Resources;
			sourceTree = "<group>";
		};
		07A9C1FF27396723005499D8 /* EpisodeDetails */ = {
			isa = PBXGroup;
			children = (
				07B800C0273B350F004D1486 /* View */,
				07A9C200273967AE005499D8 /* EpisodeDetailsPresenter.swift */,
				07A9C203273967AE005499D8 /* EpisodeDetailsModels.swift */,
				07A9C204273967AE005499D8 /* EpisodeDetailsViewController.swift */,
				07A9C205273967AE005499D8 /* EpisodeDetailsInteractor.swift */,
				07E1076F273970AE00D6F493 /* EpisodeDetailsConfigurator.swift */,
			);
			path = EpisodeDetails;
			sourceTree = "<group>";
		};
		07B800B9273B2B74004D1486 /* Common */ = {
			isa = PBXGroup;
			children = (
				07B800BA273B2B80004D1486 /* ErrorView.swift */,
			);
			path = Common;
			sourceTree = "<group>";
		};
		07B800BC273B34AD004D1486 /* View */ = {
			isa = PBXGroup;
			children = (
				0740DC2A273817550050A135 /* ListSeriesView.swift */,
				0740DC362738298C0050A135 /* SeriesTableViewCell.swift */,
			);
			path = View;
			sourceTree = "<group>";
		};
		07B800BD273B34C1004D1486 /* Worker */ = {
			isa = PBXGroup;
			children = (
				079FE5142739CDF1008E1C5D /* SearchSeriesWorker.swift */,
				0740DC4927383A8D0050A135 /* GetSeriesWorker.swift */,
			);
			path = Worker;
			sourceTree = "<group>";
		};
		07B800BE273B34E6004D1486 /* View */ = {
			isa = PBXGroup;
			children = (
				0740DC61273872930050A135 /* SeriesDetailsView.swift */,
				0740DC6B273881440050A135 /* DetailHeaderTableViewCell.swift */,
				0740DC6D27389DAE0050A135 /* DetailDescriptionTableViewCell.swift */,
				0740DC732738A3100050A135 /* DetailSeasonTableViewCell.swift */,
				0740DC752738A77D0050A135 /* DetailSectionHeaderView.swift */,
				0740DC792738B66B0050A135 /* DetailEpisodeTableViewCell.swift */,
			);
			path = View;
			sourceTree = "<group>";
		};
		07B800BF273B34F5004D1486 /* Worker */ = {
			isa = PBXGroup;
			children = (
				0740DC6927387D820050A135 /* GetSeriesDetailsWorker.swift */,
				0740DC772738AAEE0050A135 /* GetEpisodesWorker.swift */,
			);
			path = Worker;
			sourceTree = "<group>";
		};
		07B800C0273B350F004D1486 /* View */ = {
			isa = PBXGroup;
			children = (
				07A9C20C27396938005499D8 /* EpisodeDetailsView.swift */,
			);
			path = View;
			sourceTree = "<group>";
		};
		315FE9C7A3B6997D310F0D3C /* Pods */ = {
			isa = PBXGroup;
			children = (
				976E4E2A06DE5321BD5D85FD /* Pods-AmazingSeries.debug.xcconfig */,
				B774945FC288380FD211A726 /* Pods-AmazingSeries.release.xcconfig */,
			);
			path = Pods;
			sourceTree = "<group>";
		};
		A0E0034930F4935FB2804EBF /* Frameworks */ = {
			isa = PBXGroup;
			children = (
				AAD10993387CE4D23E6B358A /* Pods_AmazingSeries.framework */,
			);
			name = Frameworks;
			sourceTree = "<group>";
		};
/* End PBXGroup section */

/* Begin PBXNativeTarget section */
		049EC46428E3285200A49DBB /* AmazingSeriesUITests */ = {
			isa = PBXNativeTarget;
			buildConfigurationList = 049EC46F28E3285200A49DBB /* Build configuration list for PBXNativeTarget "AmazingSeriesUITests" */;
			buildPhases = (
				049EC46128E3285200A49DBB /* Sources */,
				049EC46228E3285200A49DBB /* Frameworks */,
				049EC46328E3285200A49DBB /* Resources */,
			);
			buildRules = (
			);
			dependencies = (
				049EC46C28E3285200A49DBB /* PBXTargetDependency */,
			);
			name = AmazingSeriesUITests;
			productName = AmazingSeriesUITests;
			productReference = 049EC46528E3285200A49DBB /* AmazingSeriesUITests.xctest */;
			productType = "com.apple.product-type.bundle.ui-testing";
		};
		0740DBF6273807780050A135 /* AmazingSeries */ = {
			isa = PBXNativeTarget;
			buildConfigurationList = 0740DC0B273807790050A135 /* Build configuration list for PBXNativeTarget "AmazingSeries" */;
			buildPhases = (
				1A729403ABA93FF2BD60E3CC /* [CP] Check Pods Manifest.lock */,
				0740DBF3273807780050A135 /* Sources */,
				0740DBF4273807780050A135 /* Frameworks */,
				0740DBF5273807780050A135 /* Resources */,
			);
			buildRules = (
			);
			dependencies = (
			);
			name = AmazingSeries;
			productName = AmazingSeries;
			productReference = 0740DBF7273807780050A135 /* AmazingSeries.app */;
			productType = "com.apple.product-type.application";
		};
		07520977273ACB51009B5A32 /* AmazingSeriesTests */ = {
			isa = PBXNativeTarget;
			buildConfigurationList = 07520980273ACB51009B5A32 /* Build configuration list for PBXNativeTarget "AmazingSeriesTests" */;
			buildPhases = (
				07520974273ACB51009B5A32 /* Sources */,
				07520975273ACB51009B5A32 /* Frameworks */,
				07520976273ACB51009B5A32 /* Resources */,
			);
			buildRules = (
			);
			dependencies = (
				0752097D273ACB51009B5A32 /* PBXTargetDependency */,
			);
			name = AmazingSeriesTests;
			productName = AmazingSeriesTests;
			productReference = 07520978273ACB51009B5A32 /* AmazingSeriesTests.xctest */;
			productType = "com.apple.product-type.bundle.unit-test";
		};
/* End PBXNativeTarget section */

/* Begin PBXProject section */
		0740DBEF273807780050A135 /* Project object */ = {
			isa = PBXProject;
			attributes = {
				BuildIndependentTargetsInParallel = 1;
				LastSwiftUpdateCheck = 1340;
				LastUpgradeCheck = 1310;
				TargetAttributes = {
					049EC46428E3285200A49DBB = {
						CreatedOnToolsVersion = 13.4.1;
						TestTargetID = 0740DBF6273807780050A135;
					};
					0740DBF6273807780050A135 = {
						CreatedOnToolsVersion = 13.1;
					};
					07520977273ACB51009B5A32 = {
						CreatedOnToolsVersion = 13.1;
						TestTargetID = 0740DBF6273807780050A135;
					};
				};
			};
			buildConfigurationList = 0740DBF2273807780050A135 /* Build configuration list for PBXProject "AmazingSeries" */;
			compatibilityVersion = "Xcode 13.0";
			developmentRegion = en;
			hasScannedForEncodings = 0;
			knownRegions = (
				en,
				Base,
			);
			mainGroup = 0740DBEE273807780050A135;
			productRefGroup = 0740DBF8273807780050A135 /* Products */;
			projectDirPath = "";
			projectRoot = "";
			targets = (
				0740DBF6273807780050A135 /* AmazingSeries */,
				07520977273ACB51009B5A32 /* AmazingSeriesTests */,
				049EC46428E3285200A49DBB /* AmazingSeriesUITests */,
			);
		};
/* End PBXProject section */

/* Begin PBXResourcesBuildPhase section */
		049EC46328E3285200A49DBB /* Resources */ = {
			isa = PBXResourcesBuildPhase;
			buildActionMask = 2147483647;
			files = (
			);
			runOnlyForDeploymentPostprocessing = 0;
		};
		0740DBF5273807780050A135 /* Resources */ = {
			isa = PBXResourcesBuildPhase;
			buildActionMask = 2147483647;
			files = (
				0740DC07273807790050A135 /* LaunchScreen.storyboard in Resources */,
				0740DC04273807790050A135 /* Assets.xcassets in Resources */,
			);
			runOnlyForDeploymentPostprocessing = 0;
		};
		07520976273ACB51009B5A32 /* Resources */ = {
			isa = PBXResourcesBuildPhase;
			buildActionMask = 2147483647;
			files = (
			);
			runOnlyForDeploymentPostprocessing = 0;
		};
/* End PBXResourcesBuildPhase section */

/* Begin PBXShellScriptBuildPhase section */
		1A729403ABA93FF2BD60E3CC /* [CP] Check Pods Manifest.lock */ = {
			isa = PBXShellScriptBuildPhase;
			buildActionMask = 2147483647;
			files = (
			);
			inputFileListPaths = (
			);
			inputPaths = (
				"${PODS_PODFILE_DIR_PATH}/Podfile.lock",
				"${PODS_ROOT}/Manifest.lock",
			);
			name = "[CP] Check Pods Manifest.lock";
			outputFileListPaths = (
			);
			outputPaths = (
				"$(DERIVED_FILE_DIR)/Pods-AmazingSeries-checkManifestLockResult.txt",
			);
			runOnlyForDeploymentPostprocessing = 0;
			shellPath = /bin/sh;
			shellScript = "diff \"${PODS_PODFILE_DIR_PATH}/Podfile.lock\" \"${PODS_ROOT}/Manifest.lock\" > /dev/null\nif [ $? != 0 ] ; then\n    # print error to STDERR\n    echo \"error: The sandbox is not in sync with the Podfile.lock. Run 'pod install' or update your CocoaPods installation.\" >&2\n    exit 1\nfi\n# This output is used by Xcode 'outputs' to avoid re-running this script phase.\necho \"SUCCESS\" > \"${SCRIPT_OUTPUT_FILE_0}\"\n";
			showEnvVarsInLog = 0;
		};
/* End PBXShellScriptBuildPhase section */

/* Begin PBXSourcesBuildPhase section */
		049EC46128E3285200A49DBB /* Sources */ = {
			isa = PBXSourcesBuildPhase;
			buildActionMask = 2147483647;
			files = (
				045CE2F728E4D52C0036D72D /* AmazingSeriesUITests3.swift in Sources */,
				045CE2F628E4D52C0036D72D /* AmazingSeriesUITests4.swift in Sources */,
				049EC46828E3285200A49DBB /* AmazingSeriesUITests.swift in Sources */,
				045CE2F428E4D51F0036D72D /* AmazingSeriesUITests2.swift in Sources */,
			);
			runOnlyForDeploymentPostprocessing = 0;
		};
		0740DBF3273807780050A135 /* Sources */ = {
			isa = PBXSourcesBuildPhase;
			buildActionMask = 2147483647;
			files = (
				0740DC4C27383B060050A135 /* ListSeriesModels.swift in Sources */,
				0740DC3227381AC10050A135 /* UIView+Autolayout.swift in Sources */,
				0740DC6A27387D820050A135 /* GetSeriesDetailsWorker.swift in Sources */,
				07A9C206273967AE005499D8 /* EpisodeDetailsPresenter.swift in Sources */,
				0740DC4027382F280050A135 /* NetworkManager.swift in Sources */,
				0740DC7A2738B66B0050A135 /* DetailEpisodeTableViewCell.swift in Sources */,
				0740DC552738687D0050A135 /* ImageDownloader.swift in Sources */,
				07B800BB273B2B80004D1486 /* ErrorView.swift in Sources */,
				0740DC6C273881440050A135 /* DetailHeaderTableViewCell.swift in Sources */,
				0740DC5C2738727F0050A135 /* SeriesDetailsInteractor.swift in Sources */,
				0740DC5A273871800050A135 /* SeriesDetailsConfigurator.swift in Sources */,
				0740DC57273869F50050A135 /* UIImageView+Network.swift in Sources */,
				0740DC46273833DA0050A135 /* DependencyInjection.swift in Sources */,
				07A9C20D27396938005499D8 /* EpisodeDetailsView.swift in Sources */,
				0740DBFB273807780050A135 /* AppDelegate.swift in Sources */,
				0740DC2B273817550050A135 /* ListSeriesView.swift in Sources */,
				0740DC702738A0D60050A135 /* UILabel+HTML.swift in Sources */,
				0740DC3D27382EA00050A135 /* UITableView+Dequeue.swift in Sources */,
				0740DC26273814CB0050A135 /* ListSeriesConfigurator.swift in Sources */,
				07A9C20B273967AE005499D8 /* EpisodeDetailsInteractor.swift in Sources */,
				0740DC20273814330050A135 /* ListSeriesInteractor.swift in Sources */,
				07B800B5273B1F4E004D1486 /* DispatchQueueProtocol.swift in Sources */,
				0740DC66273876430050A135 /* SeriesDetailsModels.swift in Sources */,
				0740DC722738A1BC0050A135 /* UIColor+hexString.swift in Sources */,
				07A9C209273967AE005499D8 /* EpisodeDetailsModels.swift in Sources */,
				0740DC782738AAEE0050A135 /* GetEpisodesWorker.swift in Sources */,
				0740DC222738145B0050A135 /* ListSeriesPresenter.swift in Sources */,
				0740DC5E273872850050A135 /* SeriesDetailsPresenter.swift in Sources */,
				07A9C20A273967AE005499D8 /* EpisodeDetailsViewController.swift in Sources */,
				0740DC302738185C0050A135 /* ViewCode.swift in Sources */,
				079FE5192739F460008E1C5D /* DateFormatter+StringInit.swift in Sources */,
				079FE5172739F420008E1C5D /* Date+GetComponents.swift in Sources */,
				0740DC742738A3100050A135 /* DetailSeasonTableViewCell.swift in Sources */,
				079FE51B2739F480008E1C5D /* String+ToDate.swift in Sources */,
				0740DC4A27383A8D0050A135 /* GetSeriesWorker.swift in Sources */,
				0740DC522738678F0050A135 /* ImageDownloaderProtocol.swift in Sources */,
				0740DC48273839080050A135 /* NetworkProtocols.swift in Sources */,
				07E10770273970AE00D6F493 /* EpisodeDetailsConfigurator.swift in Sources */,
				07B800B7273B1F8F004D1486 /* DispatchQueue+Protocol.swift in Sources */,
				0740DC68273878290050A135 /* APIService.swift in Sources */,
				0740DC6E27389DAE0050A135 /* DetailDescriptionTableViewCell.swift in Sources */,
				0740DC34273820280050A135 /* ListSeriesRouter.swift in Sources */,
				0740DC64273873910050A135 /* SeriesDetailsRouter.swift in Sources */,
				0740DC372738298C0050A135 /* SeriesTableViewCell.swift in Sources */,
				0740DC44273830060050A135 /* Config.swift in Sources */,
				0740DC7C2738B9AB0050A135 /* ContentSizedTableView.swift in Sources */,
				0740DC62273872930050A135 /* SeriesDetailsView.swift in Sources */,
				0740DC602738728D0050A135 /* SeriesDetailsViewController.swift in Sources */,
				0740DC5027385E5A0050A135 /* UICollectionView+Dequeue.swift in Sources */,
				0740DC1E273813C00050A135 /* ListSeriesViewController.swift in Sources */,
				0740DC762738A77D0050A135 /* DetailSectionHeaderView.swift in Sources */,
				079FE5152739CDF1008E1C5D /* SearchSeriesWorker.swift in Sources */,
				0740DC3927382C380050A135 /* NSObject+ClasName.swift in Sources */,
			);
			runOnlyForDeploymentPostprocessing = 0;
		};
		07520974273ACB51009B5A32 /* Sources */ = {
			isa = PBXSourcesBuildPhase;
			buildActionMask = 2147483647;
			files = (
				07520984273ACBBB009B5A32 /* ListSeriesInteractorTests.swift in Sources */,
				07520989273ACCAA009B5A32 /* Spies.swift in Sources */,
				07520987273ACBEF009B5A32 /* Mock.swift in Sources */,
				0752098D273AD45F009B5A32 /* ListSeriesViewControllerTests.swift in Sources */,
				0752098F273AD4BD009B5A32 /* Dummies.swift in Sources */,
				0752098B273AD18F009B5A32 /* ListSeriesPresenterTests.swift in Sources */,
			);
			runOnlyForDeploymentPostprocessing = 0;
		};
/* End PBXSourcesBuildPhase section */

/* Begin PBXTargetDependency section */
		049EC46C28E3285200A49DBB /* PBXTargetDependency */ = {
			isa = PBXTargetDependency;
			target = 0740DBF6273807780050A135 /* AmazingSeries */;
			targetProxy = 049EC46B28E3285200A49DBB /* PBXContainerItemProxy */;
		};
		0752097D273ACB51009B5A32 /* PBXTargetDependency */ = {
			isa = PBXTargetDependency;
			target = 0740DBF6273807780050A135 /* AmazingSeries */;
			targetProxy = 0752097C273ACB51009B5A32 /* PBXContainerItemProxy */;
		};
/* End PBXTargetDependency section */

/* Begin PBXVariantGroup section */
		0740DC05273807790050A135 /* LaunchScreen.storyboard */ = {
			isa = PBXVariantGroup;
			children = (
				0740DC06273807790050A135 /* Base */,
			);
			name = LaunchScreen.storyboard;
			sourceTree = "<group>";
		};
/* End PBXVariantGroup section */

/* Begin XCBuildConfiguration section */
		049EC46D28E3285200A49DBB /* Debug */ = {
			isa = XCBuildConfiguration;
			buildSettings = {
				CODE_SIGN_STYLE = Automatic;
				CURRENT_PROJECT_VERSION = 1;
				DEVELOPMENT_TEAM = NBU5KYTB66;
				GENERATE_INFOPLIST_FILE = YES;
				IPHONEOS_DEPLOYMENT_TARGET = 15.5;
				MARKETING_VERSION = 1.0;
				PRODUCT_BUNDLE_IDENTIFIER = com.gof.AmazingSeriesUITests;
				PRODUCT_NAME = "$(TARGET_NAME)";
				SWIFT_EMIT_LOC_STRINGS = NO;
				SWIFT_VERSION = 5.0;
				TARGETED_DEVICE_FAMILY = "1,2";
				TEST_TARGET_NAME = AmazingSeries;
			};
			name = Debug;
		};
		049EC46E28E3285200A49DBB /* Release */ = {
			isa = XCBuildConfiguration;
			buildSettings = {
				CODE_SIGN_STYLE = Automatic;
				CURRENT_PROJECT_VERSION = 1;
				DEVELOPMENT_TEAM = NBU5KYTB66;
				GENERATE_INFOPLIST_FILE = YES;
				IPHONEOS_DEPLOYMENT_TARGET = 15.5;
				MARKETING_VERSION = 1.0;
				PRODUCT_BUNDLE_IDENTIFIER = com.gof.AmazingSeriesUITests;
				PRODUCT_NAME = "$(TARGET_NAME)";
				SWIFT_EMIT_LOC_STRINGS = NO;
				SWIFT_VERSION = 5.0;
				TARGETED_DEVICE_FAMILY = "1,2";
				TEST_TARGET_NAME = AmazingSeries;
			};
			name = Release;
		};
		0740DC09273807790050A135 /* Debug */ = {
			isa = XCBuildConfiguration;
			buildSettings = {
				ALWAYS_SEARCH_USER_PATHS = NO;
				CLANG_ANALYZER_NONNULL = YES;
				CLANG_ANALYZER_NUMBER_OBJECT_CONVERSION = YES_AGGRESSIVE;
				CLANG_CXX_LANGUAGE_STANDARD = "gnu++17";
				CLANG_CXX_LIBRARY = "libc++";
				CLANG_ENABLE_MODULES = YES;
				CLANG_ENABLE_OBJC_ARC = YES;
				CLANG_ENABLE_OBJC_WEAK = YES;
				CLANG_WARN_BLOCK_CAPTURE_AUTORELEASING = YES;
				CLANG_WARN_BOOL_CONVERSION = YES;
				CLANG_WARN_COMMA = YES;
				CLANG_WARN_CONSTANT_CONVERSION = YES;
				CLANG_WARN_DEPRECATED_OBJC_IMPLEMENTATIONS = YES;
				CLANG_WARN_DIRECT_OBJC_ISA_USAGE = YES_ERROR;
				CLANG_WARN_DOCUMENTATION_COMMENTS = YES;
				CLANG_WARN_EMPTY_BODY = YES;
				CLANG_WARN_ENUM_CONVERSION = YES;
				CLANG_WARN_INFINITE_RECURSION = YES;
				CLANG_WARN_INT_CONVERSION = YES;
				CLANG_WARN_NON_LITERAL_NULL_CONVERSION = YES;
				CLANG_WARN_OBJC_IMPLICIT_RETAIN_SELF = YES;
				CLANG_WARN_OBJC_LITERAL_CONVERSION = YES;
				CLANG_WARN_OBJC_ROOT_CLASS = YES_ERROR;
				CLANG_WARN_QUOTED_INCLUDE_IN_FRAMEWORK_HEADER = YES;
				CLANG_WARN_RANGE_LOOP_ANALYSIS = YES;
				CLANG_WARN_STRICT_PROTOTYPES = YES;
				CLANG_WARN_SUSPICIOUS_MOVE = YES;
				CLANG_WARN_UNGUARDED_AVAILABILITY = YES_AGGRESSIVE;
				CLANG_WARN_UNREACHABLE_CODE = YES;
				CLANG_WARN__DUPLICATE_METHOD_MATCH = YES;
				COPY_PHASE_STRIP = NO;
				DEBUG_INFORMATION_FORMAT = dwarf;
				ENABLE_STRICT_OBJC_MSGSEND = YES;
				ENABLE_TESTABILITY = YES;
				GCC_C_LANGUAGE_STANDARD = gnu11;
				GCC_DYNAMIC_NO_PIC = NO;
				GCC_NO_COMMON_BLOCKS = YES;
				GCC_OPTIMIZATION_LEVEL = 0;
				GCC_PREPROCESSOR_DEFINITIONS = (
					"DEBUG=1",
					"$(inherited)",
				);
				GCC_WARN_64_TO_32_BIT_CONVERSION = YES;
				GCC_WARN_ABOUT_RETURN_TYPE = YES_ERROR;
				GCC_WARN_UNDECLARED_SELECTOR = YES;
				GCC_WARN_UNINITIALIZED_AUTOS = YES_AGGRESSIVE;
				GCC_WARN_UNUSED_FUNCTION = YES;
				GCC_WARN_UNUSED_VARIABLE = YES;
				IPHONEOS_DEPLOYMENT_TARGET = 15.0;
				MTL_ENABLE_DEBUG_INFO = INCLUDE_SOURCE;
				MTL_FAST_MATH = YES;
				ONLY_ACTIVE_ARCH = YES;
				SDKROOT = iphoneos;
				SWIFT_ACTIVE_COMPILATION_CONDITIONS = DEBUG;
				SWIFT_OPTIMIZATION_LEVEL = "-Onone";
			};
			name = Debug;
		};
		0740DC0A273807790050A135 /* Release */ = {
			isa = XCBuildConfiguration;
			buildSettings = {
				ALWAYS_SEARCH_USER_PATHS = NO;
				CLANG_ANALYZER_NONNULL = YES;
				CLANG_ANALYZER_NUMBER_OBJECT_CONVERSION = YES_AGGRESSIVE;
				CLANG_CXX_LANGUAGE_STANDARD = "gnu++17";
				CLANG_CXX_LIBRARY = "libc++";
				CLANG_ENABLE_MODULES = YES;
				CLANG_ENABLE_OBJC_ARC = YES;
				CLANG_ENABLE_OBJC_WEAK = YES;
				CLANG_WARN_BLOCK_CAPTURE_AUTORELEASING = YES;
				CLANG_WARN_BOOL_CONVERSION = YES;
				CLANG_WARN_COMMA = YES;
				CLANG_WARN_CONSTANT_CONVERSION = YES;
				CLANG_WARN_DEPRECATED_OBJC_IMPLEMENTATIONS = YES;
				CLANG_WARN_DIRECT_OBJC_ISA_USAGE = YES_ERROR;
				CLANG_WARN_DOCUMENTATION_COMMENTS = YES;
				CLANG_WARN_EMPTY_BODY = YES;
				CLANG_WARN_ENUM_CONVERSION = YES;
				CLANG_WARN_INFINITE_RECURSION = YES;
				CLANG_WARN_INT_CONVERSION = YES;
				CLANG_WARN_NON_LITERAL_NULL_CONVERSION = YES;
				CLANG_WARN_OBJC_IMPLICIT_RETAIN_SELF = YES;
				CLANG_WARN_OBJC_LITERAL_CONVERSION = YES;
				CLANG_WARN_OBJC_ROOT_CLASS = YES_ERROR;
				CLANG_WARN_QUOTED_INCLUDE_IN_FRAMEWORK_HEADER = YES;
				CLANG_WARN_RANGE_LOOP_ANALYSIS = YES;
				CLANG_WARN_STRICT_PROTOTYPES = YES;
				CLANG_WARN_SUSPICIOUS_MOVE = YES;
				CLANG_WARN_UNGUARDED_AVAILABILITY = YES_AGGRESSIVE;
				CLANG_WARN_UNREACHABLE_CODE = YES;
				CLANG_WARN__DUPLICATE_METHOD_MATCH = YES;
				COPY_PHASE_STRIP = NO;
				DEBUG_INFORMATION_FORMAT = "dwarf-with-dsym";
				ENABLE_NS_ASSERTIONS = NO;
				ENABLE_STRICT_OBJC_MSGSEND = YES;
				GCC_C_LANGUAGE_STANDARD = gnu11;
				GCC_NO_COMMON_BLOCKS = YES;
				GCC_WARN_64_TO_32_BIT_CONVERSION = YES;
				GCC_WARN_ABOUT_RETURN_TYPE = YES_ERROR;
				GCC_WARN_UNDECLARED_SELECTOR = YES;
				GCC_WARN_UNINITIALIZED_AUTOS = YES_AGGRESSIVE;
				GCC_WARN_UNUSED_FUNCTION = YES;
				GCC_WARN_UNUSED_VARIABLE = YES;
				IPHONEOS_DEPLOYMENT_TARGET = 15.0;
				MTL_ENABLE_DEBUG_INFO = NO;
				MTL_FAST_MATH = YES;
				SDKROOT = iphoneos;
				SWIFT_COMPILATION_MODE = wholemodule;
				SWIFT_OPTIMIZATION_LEVEL = "-O";
				VALIDATE_PRODUCT = YES;
			};
			name = Release;
		};
		0740DC0C273807790050A135 /* Debug */ = {
			isa = XCBuildConfiguration;
			baseConfigurationReference = 976E4E2A06DE5321BD5D85FD /* Pods-AmazingSeries.debug.xcconfig */;
			buildSettings = {
				ASSETCATALOG_COMPILER_APPICON_NAME = AppIcon;
				ASSETCATALOG_COMPILER_GLOBAL_ACCENT_COLOR_NAME = AccentColor;
				CODE_SIGN_STYLE = Automatic;
				CURRENT_PROJECT_VERSION = 1;
				DEVELOPMENT_TEAM = NBU5KYTB66;
				GENERATE_INFOPLIST_FILE = YES;
				INFOPLIST_FILE = AmazingSeries/Resources/Info.plist;
				INFOPLIST_KEY_UIApplicationSupportsIndirectInputEvents = YES;
				INFOPLIST_KEY_UILaunchStoryboardName = LaunchScreen;
				INFOPLIST_KEY_UISupportedInterfaceOrientations_iPad = "UIInterfaceOrientationPortrait UIInterfaceOrientationPortraitUpsideDown UIInterfaceOrientationLandscapeLeft UIInterfaceOrientationLandscapeRight";
				INFOPLIST_KEY_UISupportedInterfaceOrientations_iPhone = "UIInterfaceOrientationPortrait UIInterfaceOrientationLandscapeLeft UIInterfaceOrientationLandscapeRight";
				IPHONEOS_DEPLOYMENT_TARGET = 11.0;
				LD_RUNPATH_SEARCH_PATHS = (
					"$(inherited)",
					"@executable_path/Frameworks",
				);
				MARKETING_VERSION = 1.0;
				PRODUCT_BUNDLE_IDENTIFIER = br.com.challenge.AmazingSeries;
				PRODUCT_NAME = "$(TARGET_NAME)";
				SERIES_API_URL = "https://api.tvmaze.com";
				SWIFT_EMIT_LOC_STRINGS = YES;
				SWIFT_VERSION = 5.0;
				TARGETED_DEVICE_FAMILY = "1,2";
			};
			name = Debug;
		};
		0740DC0D273807790050A135 /* Release */ = {
			isa = XCBuildConfiguration;
			baseConfigurationReference = B774945FC288380FD211A726 /* Pods-AmazingSeries.release.xcconfig */;
			buildSettings = {
				ASSETCATALOG_COMPILER_APPICON_NAME = AppIcon;
				ASSETCATALOG_COMPILER_GLOBAL_ACCENT_COLOR_NAME = AccentColor;
				CODE_SIGN_STYLE = Automatic;
				CURRENT_PROJECT_VERSION = 1;
				DEVELOPMENT_TEAM = NBU5KYTB66;
				GENERATE_INFOPLIST_FILE = YES;
				INFOPLIST_FILE = AmazingSeries/Resources/Info.plist;
				INFOPLIST_KEY_UIApplicationSupportsIndirectInputEvents = YES;
				INFOPLIST_KEY_UILaunchStoryboardName = LaunchScreen;
				INFOPLIST_KEY_UISupportedInterfaceOrientations_iPad = "UIInterfaceOrientationPortrait UIInterfaceOrientationPortraitUpsideDown UIInterfaceOrientationLandscapeLeft UIInterfaceOrientationLandscapeRight";
				INFOPLIST_KEY_UISupportedInterfaceOrientations_iPhone = "UIInterfaceOrientationPortrait UIInterfaceOrientationLandscapeLeft UIInterfaceOrientationLandscapeRight";
				IPHONEOS_DEPLOYMENT_TARGET = 11.0;
				LD_RUNPATH_SEARCH_PATHS = (
					"$(inherited)",
					"@executable_path/Frameworks",
				);
				MARKETING_VERSION = 1.0;
				PRODUCT_BUNDLE_IDENTIFIER = br.com.challenge.AmazingSeries;
				PRODUCT_NAME = "$(TARGET_NAME)";
				SERIES_API_URL = "https://api.tvmaze.com";
				SWIFT_EMIT_LOC_STRINGS = YES;
				SWIFT_VERSION = 5.0;
				TARGETED_DEVICE_FAMILY = "1,2";
			};
			name = Release;
		};
		0752097E273ACB51009B5A32 /* Debug */ = {
			isa = XCBuildConfiguration;
			buildSettings = {
				BUNDLE_LOADER = "$(TEST_HOST)";
				CODE_SIGN_STYLE = Automatic;
				CURRENT_PROJECT_VERSION = 1;
				DEVELOPMENT_TEAM = NBU5KYTB66;
				GENERATE_INFOPLIST_FILE = YES;
				LD_RUNPATH_SEARCH_PATHS = (
					"$(inherited)",
					"@executable_path/Frameworks",
					"@loader_path/Frameworks",
				);
				MARKETING_VERSION = 1.0;
				PRODUCT_BUNDLE_IDENTIFIER = br.com.challenge.AmazingSeriesTests;
				PRODUCT_NAME = "$(TARGET_NAME)";
				SWIFT_EMIT_LOC_STRINGS = NO;
				SWIFT_VERSION = 5.0;
				TARGETED_DEVICE_FAMILY = "1,2";
				TEST_HOST = "$(BUILT_PRODUCTS_DIR)/AmazingSeries.app/AmazingSeries";
			};
			name = Debug;
		};
		0752097F273ACB51009B5A32 /* Release */ = {
			isa = XCBuildConfiguration;
			buildSettings = {
				BUNDLE_LOADER = "$(TEST_HOST)";
				CODE_SIGN_STYLE = Automatic;
				CURRENT_PROJECT_VERSION = 1;
				DEVELOPMENT_TEAM = NBU5KYTB66;
				GENERATE_INFOPLIST_FILE = YES;
				LD_RUNPATH_SEARCH_PATHS = (
					"$(inherited)",
					"@executable_path/Frameworks",
					"@loader_path/Frameworks",
				);
				MARKETING_VERSION = 1.0;
				PRODUCT_BUNDLE_IDENTIFIER = br.com.challenge.AmazingSeriesTests;
				PRODUCT_NAME = "$(TARGET_NAME)";
				SWIFT_EMIT_LOC_STRINGS = NO;
				SWIFT_VERSION = 5.0;
				TARGETED_DEVICE_FAMILY = "1,2";
				TEST_HOST = "$(BUILT_PRODUCTS_DIR)/AmazingSeries.app/AmazingSeries";
			};
			name = Release;
		};
/* End XCBuildConfiguration section */

/* Begin XCConfigurationList section */
		049EC46F28E3285200A49DBB /* Build configuration list for PBXNativeTarget "AmazingSeriesUITests" */ = {
			isa = XCConfigurationList;
			buildConfigurations = (
				049EC46D28E3285200A49DBB /* Debug */,
				049EC46E28E3285200A49DBB /* Release */,
			);
			defaultConfigurationIsVisible = 0;
			defaultConfigurationName = Release;
		};
		0740DBF2273807780050A135 /* Build configuration list for PBXProject "AmazingSeries" */ = {
			isa = XCConfigurationList;
			buildConfigurations = (
				0740DC09273807790050A135 /* Debug */,
				0740DC0A273807790050A135 /* Release */,
			);
			defaultConfigurationIsVisible = 0;
			defaultConfigurationName = Release;
		};
		0740DC0B273807790050A135 /* Build configuration list for PBXNativeTarget "AmazingSeries" */ = {
			isa = XCConfigurationList;
			buildConfigurations = (
				0740DC0C273807790050A135 /* Debug */,
				0740DC0D273807790050A135 /* Release */,
			);
			defaultConfigurationIsVisible = 0;
			defaultConfigurationName = Release;
		};
		07520980273ACB51009B5A32 /* Build configuration list for PBXNativeTarget "AmazingSeriesTests" */ = {
			isa = XCConfigurationList;
			buildConfigurations = (
				0752097E273ACB51009B5A32 /* Debug */,
				0752097F273ACB51009B5A32 /* Release */,
			);
			defaultConfigurationIsVisible = 0;
			defaultConfigurationName = Release;
		};
/* End XCConfigurationList section */
	};
	rootObject = 0740DBEF273807780050A135 /* Project object */;
}
