// !$*UTF8*$!
{
	archiveVersion = 1;
	classes = {
	};
	objectVersion = 55;
	objects = {

/* Begin PBXBuildFile section */
		0740DBFB273807780050A135 /* AppDelegate.swift in Sources */ = {isa = PBXBuildFile; fileRef = 0740DBFA273807780050A135 /* AppDelegate.swift */; };
		0740DBFF273807780050A135 /* ViewController.swift in Sources */ = {isa = PBXBuildFile; fileRef = 0740DBFE273807780050A135 /* ViewController.swift */; };
		0740DC04273807790050A135 /* Assets.xcassets in Resources */ = {isa = PBXBuildFile; fileRef = 0740DC03273807790050A135 /* Assets.xcassets */; };
		0740DC07273807790050A135 /* LaunchScreen.storyboard in Resources */ = {isa = PBXBuildFile; fileRef = 0740DC05273807790050A135 /* LaunchScreen.storyboard */; };
		0740DC1E273813C00050A135 /* ListSeriesViewController.swift in Sources */ = {isa = PBXBuildFile; fileRef = 0740DC1D273813C00050A135 /* ListSeriesViewController.swift */; };
		0740DC20273814330050A135 /* ListSeriesInteractor.swift in Sources */ = {isa = PBXBuildFile; fileRef = 0740DC1F273814330050A135 /* ListSeriesInteractor.swift */; };
		0740DC222738145B0050A135 /* ListSeriesPresenter.swift in Sources */ = {isa = PBXBuildFile; fileRef = 0740DC212738145B0050A135 /* ListSeriesPresenter.swift */; };
		0740DC26273814CB0050A135 /* ListSeriesConfigurator.swift in Sources */ = {isa = PBXBuildFile; fileRef = 0740DC25273814CB0050A135 /* ListSeriesConfigurator.swift */; };
		0740DC29273815130050A135 /* ConfiguratorProtocol.swift in Sources */ = {isa = PBXBuildFile; fileRef = 0740DC28273815130050A135 /* ConfiguratorProtocol.swift */; };
		0740DC2B273817550050A135 /* ListSeriesView.swift in Sources */ = {isa = PBXBuildFile; fileRef = 0740DC2A273817550050A135 /* ListSeriesView.swift */; };
		0740DC302738185C0050A135 /* ViewCode.swift in Sources */ = {isa = PBXBuildFile; fileRef = 0740DC2F2738185C0050A135 /* ViewCode.swift */; };
		0740DC3227381AC10050A135 /* UIView+Autolayout.swift in Sources */ = {isa = PBXBuildFile; fileRef = 0740DC3127381AC10050A135 /* UIView+Autolayout.swift */; };
		0740DC34273820280050A135 /* ListSeriesRouter.swift in Sources */ = {isa = PBXBuildFile; fileRef = 0740DC33273820280050A135 /* ListSeriesRouter.swift */; };
		0740DC372738298C0050A135 /* SeriesTableViewCell.swift in Sources */ = {isa = PBXBuildFile; fileRef = 0740DC362738298C0050A135 /* SeriesTableViewCell.swift */; };
		0740DC3927382C380050A135 /* NSObject+ClasName.swift in Sources */ = {isa = PBXBuildFile; fileRef = 0740DC3827382C380050A135 /* NSObject+ClasName.swift */; };
		0740DC3D27382EA00050A135 /* UITableView+Dequeue.swift in Sources */ = {isa = PBXBuildFile; fileRef = 0740DC3C27382EA00050A135 /* UITableView+Dequeue.swift */; };
		0740DC4027382F280050A135 /* NetworkManager.swift in Sources */ = {isa = PBXBuildFile; fileRef = 0740DC3F27382F280050A135 /* NetworkManager.swift */; };
		0740DC44273830060050A135 /* Config.swift in Sources */ = {isa = PBXBuildFile; fileRef = 0740DC43273830060050A135 /* Config.swift */; };
		0740DC46273833DA0050A135 /* DependencyInjection.swift in Sources */ = {isa = PBXBuildFile; fileRef = 0740DC45273833DA0050A135 /* DependencyInjection.swift */; };
		0740DC48273839080050A135 /* NetworkProtocols.swift in Sources */ = {isa = PBXBuildFile; fileRef = 0740DC47273839080050A135 /* NetworkProtocols.swift */; };
		0740DC4A27383A8D0050A135 /* GetSeriesWorker.swift in Sources */ = {isa = PBXBuildFile; fileRef = 0740DC4927383A8D0050A135 /* GetSeriesWorker.swift */; };
		0740DC4C27383B060050A135 /* ListSeriesModels.swift in Sources */ = {isa = PBXBuildFile; fileRef = 0740DC4B27383B060050A135 /* ListSeriesModels.swift */; };
		0740DC4E27383F9C0050A135 /* GetSeriesRequest.swift in Sources */ = {isa = PBXBuildFile; fileRef = 0740DC4D27383F9C0050A135 /* GetSeriesRequest.swift */; };
/* End PBXBuildFile section */

/* Begin PBXFileReference section */
		0740DBF7273807780050A135 /* AmazingSeries.app */ = {isa = PBXFileReference; explicitFileType = wrapper.application; includeInIndex = 0; path = AmazingSeries.app; sourceTree = BUILT_PRODUCTS_DIR; };
		0740DBFA273807780050A135 /* AppDelegate.swift */ = {isa = PBXFileReference; lastKnownFileType = sourcecode.swift; path = AppDelegate.swift; sourceTree = "<group>"; };
		0740DBFE273807780050A135 /* ViewController.swift */ = {isa = PBXFileReference; lastKnownFileType = sourcecode.swift; path = ViewController.swift; sourceTree = "<group>"; };
		0740DC03273807790050A135 /* Assets.xcassets */ = {isa = PBXFileReference; lastKnownFileType = folder.assetcatalog; path = Assets.xcassets; sourceTree = "<group>"; };
		0740DC06273807790050A135 /* Base */ = {isa = PBXFileReference; lastKnownFileType = file.storyboard; name = Base; path = Base.lproj/LaunchScreen.storyboard; sourceTree = "<group>"; };
		0740DC08273807790050A135 /* Info.plist */ = {isa = PBXFileReference; lastKnownFileType = text.plist.xml; path = Info.plist; sourceTree = "<group>"; };
		0740DC1D273813C00050A135 /* ListSeriesViewController.swift */ = {isa = PBXFileReference; lastKnownFileType = sourcecode.swift; path = ListSeriesViewController.swift; sourceTree = "<group>"; };
		0740DC1F273814330050A135 /* ListSeriesInteractor.swift */ = {isa = PBXFileReference; lastKnownFileType = sourcecode.swift; path = ListSeriesInteractor.swift; sourceTree = "<group>"; };
		0740DC212738145B0050A135 /* ListSeriesPresenter.swift */ = {isa = PBXFileReference; lastKnownFileType = sourcecode.swift; path = ListSeriesPresenter.swift; sourceTree = "<group>"; };
		0740DC25273814CB0050A135 /* ListSeriesConfigurator.swift */ = {isa = PBXFileReference; lastKnownFileType = sourcecode.swift; path = ListSeriesConfigurator.swift; sourceTree = "<group>"; };
		0740DC28273815130050A135 /* ConfiguratorProtocol.swift */ = {isa = PBXFileReference; lastKnownFileType = sourcecode.swift; path = ConfiguratorProtocol.swift; sourceTree = "<group>"; };
		0740DC2A273817550050A135 /* ListSeriesView.swift */ = {isa = PBXFileReference; lastKnownFileType = sourcecode.swift; path = ListSeriesView.swift; sourceTree = "<group>"; };
		0740DC2F2738185C0050A135 /* ViewCode.swift */ = {isa = PBXFileReference; lastKnownFileType = sourcecode.swift; path = ViewCode.swift; sourceTree = "<group>"; };
		0740DC3127381AC10050A135 /* UIView+Autolayout.swift */ = {isa = PBXFileReference; lastKnownFileType = sourcecode.swift; path = "UIView+Autolayout.swift"; sourceTree = "<group>"; };
		0740DC33273820280050A135 /* ListSeriesRouter.swift */ = {isa = PBXFileReference; lastKnownFileType = sourcecode.swift; path = ListSeriesRouter.swift; sourceTree = "<group>"; };
		0740DC362738298C0050A135 /* SeriesTableViewCell.swift */ = {isa = PBXFileReference; lastKnownFileType = sourcecode.swift; path = SeriesTableViewCell.swift; sourceTree = "<group>"; };
		0740DC3827382C380050A135 /* NSObject+ClasName.swift */ = {isa = PBXFileReference; lastKnownFileType = sourcecode.swift; path = "NSObject+ClasName.swift"; sourceTree = "<group>"; };
		0740DC3C27382EA00050A135 /* UITableView+Dequeue.swift */ = {isa = PBXFileReference; lastKnownFileType = sourcecode.swift; path = "UITableView+Dequeue.swift"; sourceTree = "<group>"; };
		0740DC3F27382F280050A135 /* NetworkManager.swift */ = {isa = PBXFileReference; lastKnownFileType = sourcecode.swift; path = NetworkManager.swift; sourceTree = "<group>"; };
		0740DC43273830060050A135 /* Config.swift */ = {isa = PBXFileReference; lastKnownFileType = sourcecode.swift; path = Config.swift; sourceTree = "<group>"; };
		0740DC45273833DA0050A135 /* DependencyInjection.swift */ = {isa = PBXFileReference; lastKnownFileType = sourcecode.swift; path = DependencyInjection.swift; sourceTree = "<group>"; };
		0740DC47273839080050A135 /* NetworkProtocols.swift */ = {isa = PBXFileReference; lastKnownFileType = sourcecode.swift; path = NetworkProtocols.swift; sourceTree = "<group>"; };
		0740DC4927383A8D0050A135 /* GetSeriesWorker.swift */ = {isa = PBXFileReference; lastKnownFileType = sourcecode.swift; path = GetSeriesWorker.swift; sourceTree = "<group>"; };
		0740DC4B27383B060050A135 /* ListSeriesModels.swift */ = {isa = PBXFileReference; lastKnownFileType = sourcecode.swift; path = ListSeriesModels.swift; sourceTree = "<group>"; };
		0740DC4D27383F9C0050A135 /* GetSeriesRequest.swift */ = {isa = PBXFileReference; lastKnownFileType = sourcecode.swift; path = GetSeriesRequest.swift; sourceTree = "<group>"; };
/* End PBXFileReference section */

/* Begin PBXFrameworksBuildPhase section */
		0740DBF4273807780050A135 /* Frameworks */ = {
			isa = PBXFrameworksBuildPhase;
			buildActionMask = 2147483647;
			files = (
			);
			runOnlyForDeploymentPostprocessing = 0;
		};
/* End PBXFrameworksBuildPhase section */

/* Begin PBXGroup section */
		0740DBEE273807780050A135 = {
			isa = PBXGroup;
			children = (
				0740DBF9273807780050A135 /* AmazingSeries */,
				0740DBF8273807780050A135 /* Products */,
			);
			sourceTree = "<group>";
		};
		0740DBF8273807780050A135 /* Products */ = {
			isa = PBXGroup;
			children = (
				0740DBF7273807780050A135 /* AmazingSeries.app */,
			);
			name = Products;
			sourceTree = "<group>";
		};
		0740DBF9273807780050A135 /* AmazingSeries */ = {
			isa = PBXGroup;
			children = (
				0740DC4227382FF40050A135 /* Resources */,
				0740DC4127382FEA0050A135 /* Sources */,
				0740DBFA273807780050A135 /* AppDelegate.swift */,
				0740DBFE273807780050A135 /* ViewController.swift */,
				0740DC05273807790050A135 /* LaunchScreen.storyboard */,
			);
			path = AmazingSeries;
			sourceTree = "<group>";
		};
		0740DC0E273812D60050A135 /* Scenes */ = {
			isa = PBXGroup;
			children = (
				0740DC1C2738136D0050A135 /* ListSeries */,
			);
			path = Scenes;
			sourceTree = "<group>";
		};
		0740DC1C2738136D0050A135 /* ListSeries */ = {
			isa = PBXGroup;
			children = (
				0740DC362738298C0050A135 /* SeriesTableViewCell.swift */,
				0740DC1D273813C00050A135 /* ListSeriesViewController.swift */,
				0740DC1F273814330050A135 /* ListSeriesInteractor.swift */,
				0740DC212738145B0050A135 /* ListSeriesPresenter.swift */,
				0740DC25273814CB0050A135 /* ListSeriesConfigurator.swift */,
				0740DC2A273817550050A135 /* ListSeriesView.swift */,
				0740DC33273820280050A135 /* ListSeriesRouter.swift */,
				0740DC4927383A8D0050A135 /* GetSeriesWorker.swift */,
				0740DC4B27383B060050A135 /* ListSeriesModels.swift */,
				0740DC4D27383F9C0050A135 /* GetSeriesRequest.swift */,
			);
			path = ListSeries;
			sourceTree = "<group>";
		};
		0740DC27273815070050A135 /* Protocols */ = {
			isa = PBXGroup;
			children = (
				0740DC28273815130050A135 /* ConfiguratorProtocol.swift */,
				0740DC47273839080050A135 /* NetworkProtocols.swift */,
			);
			path = Protocols;
			sourceTree = "<group>";
		};
		0740DC2E2738184A0050A135 /* Extensions */ = {
			isa = PBXGroup;
			children = (
				0740DC2F2738185C0050A135 /* ViewCode.swift */,
				0740DC3127381AC10050A135 /* UIView+Autolayout.swift */,
				0740DC3827382C380050A135 /* NSObject+ClasName.swift */,
				0740DC3C27382EA00050A135 /* UITableView+Dequeue.swift */,
			);
			path = Extensions;
			sourceTree = "<group>";
		};
		0740DC3E27382F1A0050A135 /* Service */ = {
			isa = PBXGroup;
			children = (
				0740DC3F27382F280050A135 /* NetworkManager.swift */,
				0740DC45273833DA0050A135 /* DependencyInjection.swift */,
			);
			path = Service;
			sourceTree = "<group>";
		};
		0740DC4127382FEA0050A135 /* Sources */ = {
			isa = PBXGroup;
			children = (
				0740DC3E27382F1A0050A135 /* Service */,
				0740DC2E2738184A0050A135 /* Extensions */,
				0740DC27273815070050A135 /* Protocols */,
				0740DC0E273812D60050A135 /* Scenes */,
			);
			path = Sources;
			sourceTree = "<group>";
		};
		0740DC4227382FF40050A135 /* Resources */ = {
			isa = PBXGroup;
			children = (
				0740DC03273807790050A135 /* Assets.xcassets */,
				0740DC08273807790050A135 /* Info.plist */,
				0740DC43273830060050A135 /* Config.swift */,
			);
			path = Resources;
			sourceTree = "<group>";
		};
/* End PBXGroup section */

/* Begin PBXNativeTarget section */
		0740DBF6273807780050A135 /* AmazingSeries */ = {
			isa = PBXNativeTarget;
			buildConfigurationList = 0740DC0B273807790050A135 /* Build configuration list for PBXNativeTarget "AmazingSeries" */;
			buildPhases = (
				0740DBF3273807780050A135 /* Sources */,
				0740DBF4273807780050A135 /* Frameworks */,
				0740DBF5273807780050A135 /* Resources */,
			);
			buildRules = (
			);
			dependencies = (
			);
			name = AmazingSeries;
			productName = AmazingSeries;
			productReference = 0740DBF7273807780050A135 /* AmazingSeries.app */;
			productType = "com.apple.product-type.application";
		};
/* End PBXNativeTarget section */

/* Begin PBXProject section */
		0740DBEF273807780050A135 /* Project object */ = {
			isa = PBXProject;
			attributes = {
				BuildIndependentTargetsInParallel = 1;
				LastSwiftUpdateCheck = 1310;
				LastUpgradeCheck = 1310;
				TargetAttributes = {
					0740DBF6273807780050A135 = {
						CreatedOnToolsVersion = 13.1;
					};
				};
			};
			buildConfigurationList = 0740DBF2273807780050A135 /* Build configuration list for PBXProject "AmazingSeries" */;
			compatibilityVersion = "Xcode 13.0";
			developmentRegion = en;
			hasScannedForEncodings = 0;
			knownRegions = (
				en,
				Base,
			);
			mainGroup = 0740DBEE273807780050A135;
			productRefGroup = 0740DBF8273807780050A135 /* Products */;
			projectDirPath = "";
			projectRoot = "";
			targets = (
				0740DBF6273807780050A135 /* AmazingSeries */,
			);
		};
/* End PBXProject section */

/* Begin PBXResourcesBuildPhase section */
		0740DBF5273807780050A135 /* Resources */ = {
			isa = PBXResourcesBuildPhase;
			buildActionMask = 2147483647;
			files = (
				0740DC07273807790050A135 /* LaunchScreen.storyboard in Resources */,
				0740DC04273807790050A135 /* Assets.xcassets in Resources */,
			);
			runOnlyForDeploymentPostprocessing = 0;
		};
/* End PBXResourcesBuildPhase section */

/* Begin PBXSourcesBuildPhase section */
		0740DBF3273807780050A135 /* Sources */ = {
			isa = PBXSourcesBuildPhase;
			buildActionMask = 2147483647;
			files = (
				0740DC4C27383B060050A135 /* ListSeriesModels.swift in Sources */,
				0740DC3227381AC10050A135 /* UIView+Autolayout.swift in Sources */,
				0740DC4027382F280050A135 /* NetworkManager.swift in Sources */,
				0740DBFF273807780050A135 /* ViewController.swift in Sources */,
				0740DC46273833DA0050A135 /* DependencyInjection.swift in Sources */,
				0740DBFB273807780050A135 /* AppDelegate.swift in Sources */,
				0740DC2B273817550050A135 /* ListSeriesView.swift in Sources */,
				0740DC3D27382EA00050A135 /* UITableView+Dequeue.swift in Sources */,
				0740DC29273815130050A135 /* ConfiguratorProtocol.swift in Sources */,
				0740DC26273814CB0050A135 /* ListSeriesConfigurator.swift in Sources */,
				0740DC20273814330050A135 /* ListSeriesInteractor.swift in Sources */,
				0740DC222738145B0050A135 /* ListSeriesPresenter.swift in Sources */,
				0740DC302738185C0050A135 /* ViewCode.swift in Sources */,
				0740DC4A27383A8D0050A135 /* GetSeriesWorker.swift in Sources */,
				0740DC48273839080050A135 /* NetworkProtocols.swift in Sources */,
				0740DC4E27383F9C0050A135 /* GetSeriesRequest.swift in Sources */,
				0740DC34273820280050A135 /* ListSeriesRouter.swift in Sources */,
				0740DC372738298C0050A135 /* SeriesTableViewCell.swift in Sources */,
				0740DC44273830060050A135 /* Config.swift in Sources */,
				0740DC1E273813C00050A135 /* ListSeriesViewController.swift in Sources */,
				0740DC3927382C380050A135 /* NSObject+ClasName.swift in Sources */,
			);
			runOnlyForDeploymentPostprocessing = 0;
		};
/* End PBXSourcesBuildPhase section */

/* Begin PBXVariantGroup section */
		0740DC05273807790050A135 /* LaunchScreen.storyboard */ = {
			isa = PBXVariantGroup;
			children = (
				0740DC06273807790050A135 /* Base */,
			);
			name = LaunchScreen.storyboard;
			sourceTree = "<group>";
		};
/* End PBXVariantGroup section */

/* Begin XCBuildConfiguration section */
		0740DC09273807790050A135 /* Debug */ = {
			isa = XCBuildConfiguration;
			buildSettings = {
				ALWAYS_SEARCH_USER_PATHS = NO;
				CLANG_ANALYZER_NONNULL = YES;
				CLANG_ANALYZER_NUMBER_OBJECT_CONVERSION = YES_AGGRESSIVE;
				CLANG_CXX_LANGUAGE_STANDARD = "gnu++17";
				CLANG_CXX_LIBRARY = "libc++";
				CLANG_ENABLE_MODULES = YES;
				CLANG_ENABLE_OBJC_ARC = YES;
				CLANG_ENABLE_OBJC_WEAK = YES;
				CLANG_WARN_BLOCK_CAPTURE_AUTORELEASING = YES;
				CLANG_WARN_BOOL_CONVERSION = YES;
				CLANG_WARN_COMMA = YES;
				CLANG_WARN_CONSTANT_CONVERSION = YES;
				CLANG_WARN_DEPRECATED_OBJC_IMPLEMENTATIONS = YES;
				CLANG_WARN_DIRECT_OBJC_ISA_USAGE = YES_ERROR;
				CLANG_WARN_DOCUMENTATION_COMMENTS = YES;
				CLANG_WARN_EMPTY_BODY = YES;
				CLANG_WARN_ENUM_CONVERSION = YES;
				CLANG_WARN_INFINITE_RECURSION = YES;
				CLANG_WARN_INT_CONVERSION = YES;
				CLANG_WARN_NON_LITERAL_NULL_CONVERSION = YES;
				CLANG_WARN_OBJC_IMPLICIT_RETAIN_SELF = YES;
				CLANG_WARN_OBJC_LITERAL_CONVERSION = YES;
				CLANG_WARN_OBJC_ROOT_CLASS = YES_ERROR;
				CLANG_WARN_QUOTED_INCLUDE_IN_FRAMEWORK_HEADER = YES;
				CLANG_WARN_RANGE_LOOP_ANALYSIS = YES;
				CLANG_WARN_STRICT_PROTOTYPES = YES;
				CLANG_WARN_SUSPICIOUS_MOVE = YES;
				CLANG_WARN_UNGUARDED_AVAILABILITY = YES_AGGRESSIVE;
				CLANG_WARN_UNREACHABLE_CODE = YES;
				CLANG_WARN__DUPLICATE_METHOD_MATCH = YES;
				COPY_PHASE_STRIP = NO;
				DEBUG_INFORMATION_FORMAT = dwarf;
				ENABLE_STRICT_OBJC_MSGSEND = YES;
				ENABLE_TESTABILITY = YES;
				GCC_C_LANGUAGE_STANDARD = gnu11;
				GCC_DYNAMIC_NO_PIC = NO;
				GCC_NO_COMMON_BLOCKS = YES;
				GCC_OPTIMIZATION_LEVEL = 0;
				GCC_PREPROCESSOR_DEFINITIONS = (
					"DEBUG=1",
					"$(inherited)",
				);
				GCC_WARN_64_TO_32_BIT_CONVERSION = YES;
				GCC_WARN_ABOUT_RETURN_TYPE = YES_ERROR;
				GCC_WARN_UNDECLARED_SELECTOR = YES;
				GCC_WARN_UNINITIALIZED_AUTOS = YES_AGGRESSIVE;
				GCC_WARN_UNUSED_FUNCTION = YES;
				GCC_WARN_UNUSED_VARIABLE = YES;
				IPHONEOS_DEPLOYMENT_TARGET = 15.0;
				MTL_ENABLE_DEBUG_INFO = INCLUDE_SOURCE;
				MTL_FAST_MATH = YES;
				ONLY_ACTIVE_ARCH = YES;
				SDKROOT = iphoneos;
				SWIFT_ACTIVE_COMPILATION_CONDITIONS = DEBUG;
				SWIFT_OPTIMIZATION_LEVEL = "-Onone";
			};
			name = Debug;
		};
		0740DC0A273807790050A135 /* Release */ = {
			isa = XCBuildConfiguration;
			buildSettings = {
				ALWAYS_SEARCH_USER_PATHS = NO;
				CLANG_ANALYZER_NONNULL = YES;
				CLANG_ANALYZER_NUMBER_OBJECT_CONVERSION = YES_AGGRESSIVE;
				CLANG_CXX_LANGUAGE_STANDARD = "gnu++17";
				CLANG_CXX_LIBRARY = "libc++";
				CLANG_ENABLE_MODULES = YES;
				CLANG_ENABLE_OBJC_ARC = YES;
				CLANG_ENABLE_OBJC_WEAK = YES;
				CLANG_WARN_BLOCK_CAPTURE_AUTORELEASING = YES;
				CLANG_WARN_BOOL_CONVERSION = YES;
				CLANG_WARN_COMMA = YES;
				CLANG_WARN_CONSTANT_CONVERSION = YES;
				CLANG_WARN_DEPRECATED_OBJC_IMPLEMENTATIONS = YES;
				CLANG_WARN_DIRECT_OBJC_ISA_USAGE = YES_ERROR;
				CLANG_WARN_DOCUMENTATION_COMMENTS = YES;
				CLANG_WARN_EMPTY_BODY = YES;
				CLANG_WARN_ENUM_CONVERSION = YES;
				CLANG_WARN_INFINITE_RECURSION = YES;
				CLANG_WARN_INT_CONVERSION = YES;
				CLANG_WARN_NON_LITERAL_NULL_CONVERSION = YES;
				CLANG_WARN_OBJC_IMPLICIT_RETAIN_SELF = YES;
				CLANG_WARN_OBJC_LITERAL_CONVERSION = YES;
				CLANG_WARN_OBJC_ROOT_CLASS = YES_ERROR;
				CLANG_WARN_QUOTED_INCLUDE_IN_FRAMEWORK_HEADER = YES;
				CLANG_WARN_RANGE_LOOP_ANALYSIS = YES;
				CLANG_WARN_STRICT_PROTOTYPES = YES;
				CLANG_WARN_SUSPICIOUS_MOVE = YES;
				CLANG_WARN_UNGUARDED_AVAILABILITY = YES_AGGRESSIVE;
				CLANG_WARN_UNREACHABLE_CODE = YES;
				CLANG_WARN__DUPLICATE_METHOD_MATCH = YES;
				COPY_PHASE_STRIP = NO;
				DEBUG_INFORMATION_FORMAT = "dwarf-with-dsym";
				ENABLE_NS_ASSERTIONS = NO;
				ENABLE_STRICT_OBJC_MSGSEND = YES;
				GCC_C_LANGUAGE_STANDARD = gnu11;
				GCC_NO_COMMON_BLOCKS = YES;
				GCC_WARN_64_TO_32_BIT_CONVERSION = YES;
				GCC_WARN_ABOUT_RETURN_TYPE = YES_ERROR;
				GCC_WARN_UNDECLARED_SELECTOR = YES;
				GCC_WARN_UNINITIALIZED_AUTOS = YES_AGGRESSIVE;
				GCC_WARN_UNUSED_FUNCTION = YES;
				GCC_WARN_UNUSED_VARIABLE = YES;
				IPHONEOS_DEPLOYMENT_TARGET = 15.0;
				MTL_ENABLE_DEBUG_INFO = NO;
				MTL_FAST_MATH = YES;
				SDKROOT = iphoneos;
				SWIFT_COMPILATION_MODE = wholemodule;
				SWIFT_OPTIMIZATION_LEVEL = "-O";
				VALIDATE_PRODUCT = YES;
			};
			name = Release;
		};
		0740DC0C273807790050A135 /* Debug */ = {
			isa = XCBuildConfiguration;
			buildSettings = {
				ASSETCATALOG_COMPILER_APPICON_NAME = AppIcon;
				ASSETCATALOG_COMPILER_GLOBAL_ACCENT_COLOR_NAME = AccentColor;
				CODE_SIGN_STYLE = Automatic;
				CURRENT_PROJECT_VERSION = 1;
				DEVELOPMENT_TEAM = NBU5KYTB66;
				GENERATE_INFOPLIST_FILE = YES;
				INFOPLIST_FILE = AmazingSeries/Resources/Info.plist;
				INFOPLIST_KEY_UIApplicationSupportsIndirectInputEvents = YES;
				INFOPLIST_KEY_UILaunchStoryboardName = LaunchScreen;
				INFOPLIST_KEY_UISupportedInterfaceOrientations_iPad = "UIInterfaceOrientationPortrait UIInterfaceOrientationPortraitUpsideDown UIInterfaceOrientationLandscapeLeft UIInterfaceOrientationLandscapeRight";
				INFOPLIST_KEY_UISupportedInterfaceOrientations_iPhone = "UIInterfaceOrientationPortrait UIInterfaceOrientationLandscapeLeft UIInterfaceOrientationLandscapeRight";
				IPHONEOS_DEPLOYMENT_TARGET = 11.0;
				LD_RUNPATH_SEARCH_PATHS = (
					"$(inherited)",
					"@executable_path/Frameworks",
				);
				MARKETING_VERSION = 1.0;
				PRODUCT_BUNDLE_IDENTIFIER = br.com.challenge.AmazingSeries;
				PRODUCT_NAME = "$(TARGET_NAME)";
				SERIES_API_URL = " https://api.tvmaze.com";
				SWIFT_EMIT_LOC_STRINGS = YES;
				SWIFT_VERSION = 5.0;
				TARGETED_DEVICE_FAMILY = "1,2";
			};
			name = Debug;
		};
		0740DC0D273807790050A135 /* Release */ = {
			isa = XCBuildConfiguration;
			buildSettings = {
				ASSETCATALOG_COMPILER_APPICON_NAME = AppIcon;
				ASSETCATALOG_COMPILER_GLOBAL_ACCENT_COLOR_NAME = AccentColor;
				CODE_SIGN_STYLE = Automatic;
				CURRENT_PROJECT_VERSION = 1;
				DEVELOPMENT_TEAM = NBU5KYTB66;
				GENERATE_INFOPLIST_FILE = YES;
				INFOPLIST_FILE = AmazingSeries/Resources/Info.plist;
				INFOPLIST_KEY_UIApplicationSupportsIndirectInputEvents = YES;
				INFOPLIST_KEY_UILaunchStoryboardName = LaunchScreen;
				INFOPLIST_KEY_UISupportedInterfaceOrientations_iPad = "UIInterfaceOrientationPortrait UIInterfaceOrientationPortraitUpsideDown UIInterfaceOrientationLandscapeLeft UIInterfaceOrientationLandscapeRight";
				INFOPLIST_KEY_UISupportedInterfaceOrientations_iPhone = "UIInterfaceOrientationPortrait UIInterfaceOrientationLandscapeLeft UIInterfaceOrientationLandscapeRight";
				IPHONEOS_DEPLOYMENT_TARGET = 11.0;
				LD_RUNPATH_SEARCH_PATHS = (
					"$(inherited)",
					"@executable_path/Frameworks",
				);
				MARKETING_VERSION = 1.0;
				PRODUCT_BUNDLE_IDENTIFIER = br.com.challenge.AmazingSeries;
				PRODUCT_NAME = "$(TARGET_NAME)";
				SERIES_API_URL = " https://api.tvmaze.com";
				SWIFT_EMIT_LOC_STRINGS = YES;
				SWIFT_VERSION = 5.0;
				TARGETED_DEVICE_FAMILY = "1,2";
			};
			name = Release;
		};
/* End XCBuildConfiguration section */

/* Begin XCConfigurationList section */
		0740DBF2273807780050A135 /* Build configuration list for PBXProject "AmazingSeries" */ = {
			isa = XCConfigurationList;
			buildConfigurations = (
				0740DC09273807790050A135 /* Debug */,
				0740DC0A273807790050A135 /* Release */,
			);
			defaultConfigurationIsVisible = 0;
			defaultConfigurationName = Release;
		};
		0740DC0B273807790050A135 /* Build configuration list for PBXNativeTarget "AmazingSeries" */ = {
			isa = XCConfigurationList;
			buildConfigurations = (
				0740DC0C273807790050A135 /* Debug */,
				0740DC0D273807790050A135 /* Release */,
			);
			defaultConfigurationIsVisible = 0;
			defaultConfigurationName = Release;
		};
/* End XCConfigurationList section */
	};
	rootObject = 0740DBEF273807780050A135 /* Project object */;
}
